
Microsoft Visual Studio Solution File, Format Version 12.00
# Visual Studio 2012
Project("{2150E333-8FDC-42A3-9474-1A3956D46DE8}") = "1. No Code Sharing", "1. No Code Sharing", "{6FBD2345-6668-4055-9B0E-9DC40FCF5328}"
EndProject
Project("{2150E333-8FDC-42A3-9474-1A3956D46DE8}") = "4. Dependency Injection", "4. Dependency Injection", "{A0B93F1E-F04F-4868-B3AB-AC7D1C98199A}"
EndProject
Project("{FAE04EC0-301F-11D3-BF4B-00C04F79EFBC}") = "WPF", "NoDI.WPF\WPF.csproj", "{7B2A97D0-5CAE-4CDB-A4E7-BFCD5C26820A}"
EndProject
Project("{FAE04EC0-301F-11D3-BF4B-00C04F79EFBC}") = "WPF.Core", "NoDI.WPF.Core\WPF.Core.csproj", "{1F805B14-7D44-47F2-8A5D-2EFE5B570B77}"
EndProject
Project("{FAE04EC0-301F-11D3-BF4B-00C04F79EFBC}") = "Store", "NoDI.NotSureWhatToCallItButItsNotMetro\Store.csproj", "{D8A5320C-E57F-4409-B3F1-896FE4CBFD96}"
EndProject
Project("{FAE04EC0-301F-11D3-BF4B-00C04F79EFBC}") = "Store.Core", "NoDI.NotSureWhatToCallItButItsNotMetro.Core\Store.Core.csproj", "{B1807D82-2271-4A9B-B520-06BAAE45305F}"
EndProject
Project("{FAE04EC0-301F-11D3-BF4B-00C04F79EFBC}") = "DI.WPF", "DI.WPF\DI.WPF.csproj", "{E4E93F0A-82F9-441F-9D8A-958F9A592C67}"
EndProject
Project("{FAE04EC0-301F-11D3-BF4B-00C04F79EFBC}") = "DI.Store", "DI.Store\DI.Store.csproj", "{EBEB3A74-2EBB-4992-A27E-83350726C3E2}"
EndProject
Project("{FAE04EC0-301F-11D3-BF4B-00C04F79EFBC}") = "DI.Core", "DI.Core\DI.Core.csproj", "{4C5E9FFD-4571-4FE0-93A4-5EF611F2297D}"
EndProject
Project("{2150E333-8FDC-42A3-9474-1A3956D46DE8}") = "2. File Linking", "2. File Linking", "{87599D3E-3045-4E11-8095-E648FA335B54}"
EndProject
Project("{FAE04EC0-301F-11D3-BF4B-00C04F79EFBC}") = "FL.Store", "FL.Store\FL.Store.csproj", "{A664786A-2B05-4192-80CF-188BA4B652BF}"
EndProject
Project("{FAE04EC0-301F-11D3-BF4B-00C04F79EFBC}") = "FL.WPF", "FL.WPF\FL.WPF.csproj", "{BA01BE82-AFCD-489E-B404-30CACC1AA5CF}"
EndProject
Project("{FAE04EC0-301F-11D3-BF4B-00C04F79EFBC}") = "FL.WPF.Core", "FL.Core\FL.WPF.Core.csproj", "{BE3D9740-7A75-4E03-8D68-A523244F7E80}"
EndProject
Project("{FAE04EC0-301F-11D3-BF4B-00C04F79EFBC}") = "FL.Store.Core", "FL.Store.Core\FL.Store.Core.csproj", "{D6727B24-9B96-4653-A22E-6854B67ECD85}"
EndProject
Project("{2150E333-8FDC-42A3-9474-1A3956D46DE8}") = "3. Abstract Classes", "3. Abstract Classes", "{1004203D-1E80-45BC-9B78-AE62ECF37BC1}"
EndProject
Project("{FAE04EC0-301F-11D3-BF4B-00C04F79EFBC}") = "AC.Store", "AC.Store\AC.Store.csproj", "{A87A9B32-8E2E-4CCB-A339-88AFF5A10C59}"
EndProject
Project("{FAE04EC0-301F-11D3-BF4B-00C04F79EFBC}") = "AC.WPF", "AC.WPF\AC.WPF.csproj", "{46AB888F-4AFD-49A4-A051-2C7C61803318}"
EndProject
Project("{FAE04EC0-301F-11D3-BF4B-00C04F79EFBC}") = "AC.Core", "AC.PCL\AC.Core.csproj", "{E619191F-6443-44B7-9EE4-13DE317AD51F}"
EndProject
Global
	GlobalSection(SolutionConfigurationPlatforms) = preSolution
		Debug|Any CPU = Debug|Any CPU
		Debug|ARM = Debug|ARM
		Debug|x64 = Debug|x64
		Debug|x86 = Debug|x86
		Release|Any CPU = Release|Any CPU
		Release|ARM = Release|ARM
		Release|x64 = Release|x64
		Release|x86 = Release|x86
	EndGlobalSection
	GlobalSection(ProjectConfigurationPlatforms) = postSolution
		{7B2A97D0-5CAE-4CDB-A4E7-BFCD5C26820A}.Debug|Any CPU.ActiveCfg = Debug|Any CPU
		{7B2A97D0-5CAE-4CDB-A4E7-BFCD5C26820A}.Debug|Any CPU.Build.0 = Debug|Any CPU
		{7B2A97D0-5CAE-4CDB-A4E7-BFCD5C26820A}.Debug|ARM.ActiveCfg = Debug|Any CPU
		{7B2A97D0-5CAE-4CDB-A4E7-BFCD5C26820A}.Debug|x64.ActiveCfg = Debug|Any CPU
		{7B2A97D0-5CAE-4CDB-A4E7-BFCD5C26820A}.Debug|x86.ActiveCfg = Debug|Any CPU
		{7B2A97D0-5CAE-4CDB-A4E7-BFCD5C26820A}.Release|Any CPU.ActiveCfg = Release|Any CPU
		{7B2A97D0-5CAE-4CDB-A4E7-BFCD5C26820A}.Release|Any CPU.Build.0 = Release|Any CPU
		{7B2A97D0-5CAE-4CDB-A4E7-BFCD5C26820A}.Release|ARM.ActiveCfg = Release|Any CPU
		{7B2A97D0-5CAE-4CDB-A4E7-BFCD5C26820A}.Release|x64.ActiveCfg = Release|Any CPU
		{7B2A97D0-5CAE-4CDB-A4E7-BFCD5C26820A}.Release|x86.ActiveCfg = Release|Any CPU
		{1F805B14-7D44-47F2-8A5D-2EFE5B570B77}.Debug|Any CPU.ActiveCfg = Debug|Any CPU
		{1F805B14-7D44-47F2-8A5D-2EFE5B570B77}.Debug|Any CPU.Build.0 = Debug|Any CPU
		{1F805B14-7D44-47F2-8A5D-2EFE5B570B77}.Debug|ARM.ActiveCfg = Debug|Any CPU
		{1F805B14-7D44-47F2-8A5D-2EFE5B570B77}.Debug|x64.ActiveCfg = Debug|Any CPU
		{1F805B14-7D44-47F2-8A5D-2EFE5B570B77}.Debug|x86.ActiveCfg = Debug|Any CPU
		{1F805B14-7D44-47F2-8A5D-2EFE5B570B77}.Release|Any CPU.ActiveCfg = Release|Any CPU
		{1F805B14-7D44-47F2-8A5D-2EFE5B570B77}.Release|Any CPU.Build.0 = Release|Any CPU
		{1F805B14-7D44-47F2-8A5D-2EFE5B570B77}.Release|ARM.ActiveCfg = Release|Any CPU
		{1F805B14-7D44-47F2-8A5D-2EFE5B570B77}.Release|x64.ActiveCfg = Release|Any CPU
		{1F805B14-7D44-47F2-8A5D-2EFE5B570B77}.Release|x86.ActiveCfg = Release|Any CPU
		{D8A5320C-E57F-4409-B3F1-896FE4CBFD96}.Debug|Any CPU.ActiveCfg = Debug|Any CPU
		{D8A5320C-E57F-4409-B3F1-896FE4CBFD96}.Debug|Any CPU.Build.0 = Debug|Any CPU
		{D8A5320C-E57F-4409-B3F1-896FE4CBFD96}.Debug|Any CPU.Deploy.0 = Debug|Any CPU
		{D8A5320C-E57F-4409-B3F1-896FE4CBFD96}.Debug|ARM.ActiveCfg = Debug|ARM
		{D8A5320C-E57F-4409-B3F1-896FE4CBFD96}.Debug|ARM.Build.0 = Debug|ARM
		{D8A5320C-E57F-4409-B3F1-896FE4CBFD96}.Debug|ARM.Deploy.0 = Debug|ARM
		{D8A5320C-E57F-4409-B3F1-896FE4CBFD96}.Debug|x64.ActiveCfg = Debug|x64
		{D8A5320C-E57F-4409-B3F1-896FE4CBFD96}.Debug|x64.Build.0 = Debug|x64
		{D8A5320C-E57F-4409-B3F1-896FE4CBFD96}.Debug|x64.Deploy.0 = Debug|x64
		{D8A5320C-E57F-4409-B3F1-896FE4CBFD96}.Debug|x86.ActiveCfg = Debug|x86
		{D8A5320C-E57F-4409-B3F1-896FE4CBFD96}.Debug|x86.Build.0 = Debug|x86
		{D8A5320C-E57F-4409-B3F1-896FE4CBFD96}.Debug|x86.Deploy.0 = Debug|x86
		{D8A5320C-E57F-4409-B3F1-896FE4CBFD96}.Release|Any CPU.ActiveCfg = Release|Any CPU
		{D8A5320C-E57F-4409-B3F1-896FE4CBFD96}.Release|Any CPU.Build.0 = Release|Any CPU
		{D8A5320C-E57F-4409-B3F1-896FE4CBFD96}.Release|Any CPU.Deploy.0 = Release|Any CPU
		{D8A5320C-E57F-4409-B3F1-896FE4CBFD96}.Release|ARM.ActiveCfg = Release|ARM
		{D8A5320C-E57F-4409-B3F1-896FE4CBFD96}.Release|ARM.Build.0 = Release|ARM
		{D8A5320C-E57F-4409-B3F1-896FE4CBFD96}.Release|ARM.Deploy.0 = Release|ARM
		{D8A5320C-E57F-4409-B3F1-896FE4CBFD96}.Release|x64.ActiveCfg = Release|x64
		{D8A5320C-E57F-4409-B3F1-896FE4CBFD96}.Release|x64.Build.0 = Release|x64
		{D8A5320C-E57F-4409-B3F1-896FE4CBFD96}.Release|x64.Deploy.0 = Release|x64
		{D8A5320C-E57F-4409-B3F1-896FE4CBFD96}.Release|x86.ActiveCfg = Release|x86
		{D8A5320C-E57F-4409-B3F1-896FE4CBFD96}.Release|x86.Build.0 = Release|x86
		{D8A5320C-E57F-4409-B3F1-896FE4CBFD96}.Release|x86.Deploy.0 = Release|x86
		{B1807D82-2271-4A9B-B520-06BAAE45305F}.Debug|Any CPU.ActiveCfg = Debug|Any CPU
		{B1807D82-2271-4A9B-B520-06BAAE45305F}.Debug|Any CPU.Build.0 = Debug|Any CPU
		{B1807D82-2271-4A9B-B520-06BAAE45305F}.Debug|ARM.ActiveCfg = Debug|ARM
		{B1807D82-2271-4A9B-B520-06BAAE45305F}.Debug|ARM.Build.0 = Debug|ARM
		{B1807D82-2271-4A9B-B520-06BAAE45305F}.Debug|x64.ActiveCfg = Debug|x64
		{B1807D82-2271-4A9B-B520-06BAAE45305F}.Debug|x64.Build.0 = Debug|x64
		{B1807D82-2271-4A9B-B520-06BAAE45305F}.Debug|x86.ActiveCfg = Debug|x86
		{B1807D82-2271-4A9B-B520-06BAAE45305F}.Debug|x86.Build.0 = Debug|x86
		{B1807D82-2271-4A9B-B520-06BAAE45305F}.Release|Any CPU.ActiveCfg = Release|Any CPU
		{B1807D82-2271-4A9B-B520-06BAAE45305F}.Release|Any CPU.Build.0 = Release|Any CPU
		{B1807D82-2271-4A9B-B520-06BAAE45305F}.Release|ARM.ActiveCfg = Release|ARM
		{B1807D82-2271-4A9B-B520-06BAAE45305F}.Release|ARM.Build.0 = Release|ARM
		{B1807D82-2271-4A9B-B520-06BAAE45305F}.Release|x64.ActiveCfg = Release|x64
		{B1807D82-2271-4A9B-B520-06BAAE45305F}.Release|x64.Build.0 = Release|x64
		{B1807D82-2271-4A9B-B520-06BAAE45305F}.Release|x86.ActiveCfg = Release|x86
		{B1807D82-2271-4A9B-B520-06BAAE45305F}.Release|x86.Build.0 = Release|x86
		{E4E93F0A-82F9-441F-9D8A-958F9A592C67}.Debug|Any CPU.ActiveCfg = Debug|Any CPU
		{E4E93F0A-82F9-441F-9D8A-958F9A592C67}.Debug|Any CPU.Build.0 = Debug|Any CPU
		{E4E93F0A-82F9-441F-9D8A-958F9A592C67}.Debug|ARM.ActiveCfg = Debug|Any CPU
		{E4E93F0A-82F9-441F-9D8A-958F9A592C67}.Debug|x64.ActiveCfg = Debug|Any CPU
		{E4E93F0A-82F9-441F-9D8A-958F9A592C67}.Debug|x86.ActiveCfg = Debug|Any CPU
		{E4E93F0A-82F9-441F-9D8A-958F9A592C67}.Release|Any CPU.ActiveCfg = Release|Any CPU
		{E4E93F0A-82F9-441F-9D8A-958F9A592C67}.Release|Any CPU.Build.0 = Release|Any CPU
		{E4E93F0A-82F9-441F-9D8A-958F9A592C67}.Release|ARM.ActiveCfg = Release|Any CPU
		{E4E93F0A-82F9-441F-9D8A-958F9A592C67}.Release|x64.ActiveCfg = Release|Any CPU
		{E4E93F0A-82F9-441F-9D8A-958F9A592C67}.Release|x86.ActiveCfg = Release|Any CPU
		{EBEB3A74-2EBB-4992-A27E-83350726C3E2}.Debug|Any CPU.ActiveCfg = Debug|Any CPU
		{EBEB3A74-2EBB-4992-A27E-83350726C3E2}.Debug|Any CPU.Build.0 = Debug|Any CPU
		{EBEB3A74-2EBB-4992-A27E-83350726C3E2}.Debug|Any CPU.Deploy.0 = Debug|Any CPU
		{EBEB3A74-2EBB-4992-A27E-83350726C3E2}.Debug|ARM.ActiveCfg = Debug|ARM
		{EBEB3A74-2EBB-4992-A27E-83350726C3E2}.Debug|ARM.Build.0 = Debug|ARM
		{EBEB3A74-2EBB-4992-A27E-83350726C3E2}.Debug|ARM.Deploy.0 = Debug|ARM
		{EBEB3A74-2EBB-4992-A27E-83350726C3E2}.Debug|x64.ActiveCfg = Debug|x64
		{EBEB3A74-2EBB-4992-A27E-83350726C3E2}.Debug|x64.Build.0 = Debug|x64
		{EBEB3A74-2EBB-4992-A27E-83350726C3E2}.Debug|x64.Deploy.0 = Debug|x64
		{EBEB3A74-2EBB-4992-A27E-83350726C3E2}.Debug|x86.ActiveCfg = Debug|x86
		{EBEB3A74-2EBB-4992-A27E-83350726C3E2}.Debug|x86.Build.0 = Debug|x86
		{EBEB3A74-2EBB-4992-A27E-83350726C3E2}.Debug|x86.Deploy.0 = Debug|x86
		{EBEB3A74-2EBB-4992-A27E-83350726C3E2}.Release|Any CPU.ActiveCfg = Release|Any CPU
		{EBEB3A74-2EBB-4992-A27E-83350726C3E2}.Release|Any CPU.Build.0 = Release|Any CPU
		{EBEB3A74-2EBB-4992-A27E-83350726C3E2}.Release|Any CPU.Deploy.0 = Release|Any CPU
		{EBEB3A74-2EBB-4992-A27E-83350726C3E2}.Release|ARM.ActiveCfg = Release|ARM
		{EBEB3A74-2EBB-4992-A27E-83350726C3E2}.Release|ARM.Build.0 = Release|ARM
		{EBEB3A74-2EBB-4992-A27E-83350726C3E2}.Release|ARM.Deploy.0 = Release|ARM
		{EBEB3A74-2EBB-4992-A27E-83350726C3E2}.Release|x64.ActiveCfg = Release|x64
		{EBEB3A74-2EBB-4992-A27E-83350726C3E2}.Release|x64.Build.0 = Release|x64
		{EBEB3A74-2EBB-4992-A27E-83350726C3E2}.Release|x64.Deploy.0 = Release|x64
		{EBEB3A74-2EBB-4992-A27E-83350726C3E2}.Release|x86.ActiveCfg = Release|x86
		{EBEB3A74-2EBB-4992-A27E-83350726C3E2}.Release|x86.Build.0 = Release|x86
		{EBEB3A74-2EBB-4992-A27E-83350726C3E2}.Release|x86.Deploy.0 = Release|x86
		{4C5E9FFD-4571-4FE0-93A4-5EF611F2297D}.Debug|Any CPU.ActiveCfg = Debug|Any CPU
		{4C5E9FFD-4571-4FE0-93A4-5EF611F2297D}.Debug|Any CPU.Build.0 = Debug|Any CPU
		{4C5E9FFD-4571-4FE0-93A4-5EF611F2297D}.Debug|ARM.ActiveCfg = Debug|Any CPU
		{4C5E9FFD-4571-4FE0-93A4-5EF611F2297D}.Debug|x64.ActiveCfg = Debug|Any CPU
		{4C5E9FFD-4571-4FE0-93A4-5EF611F2297D}.Debug|x86.ActiveCfg = Debug|Any CPU
		{4C5E9FFD-4571-4FE0-93A4-5EF611F2297D}.Release|Any CPU.ActiveCfg = Release|Any CPU
		{4C5E9FFD-4571-4FE0-93A4-5EF611F2297D}.Release|Any CPU.Build.0 = Release|Any CPU
		{4C5E9FFD-4571-4FE0-93A4-5EF611F2297D}.Release|ARM.ActiveCfg = Release|Any CPU
		{4C5E9FFD-4571-4FE0-93A4-5EF611F2297D}.Release|x64.ActiveCfg = Release|Any CPU
		{4C5E9FFD-4571-4FE0-93A4-5EF611F2297D}.Release|x86.ActiveCfg = Release|Any CPU
		{A664786A-2B05-4192-80CF-188BA4B652BF}.Debug|Any CPU.ActiveCfg = Debug|Any CPU
		{A664786A-2B05-4192-80CF-188BA4B652BF}.Debug|Any CPU.Build.0 = Debug|Any CPU
		{A664786A-2B05-4192-80CF-188BA4B652BF}.Debug|Any CPU.Deploy.0 = Debug|Any CPU
		{A664786A-2B05-4192-80CF-188BA4B652BF}.Debug|ARM.ActiveCfg = Debug|ARM
		{A664786A-2B05-4192-80CF-188BA4B652BF}.Debug|ARM.Build.0 = Debug|ARM
		{A664786A-2B05-4192-80CF-188BA4B652BF}.Debug|ARM.Deploy.0 = Debug|ARM
		{A664786A-2B05-4192-80CF-188BA4B652BF}.Debug|x64.ActiveCfg = Debug|x64
		{A664786A-2B05-4192-80CF-188BA4B652BF}.Debug|x64.Build.0 = Debug|x64
		{A664786A-2B05-4192-80CF-188BA4B652BF}.Debug|x64.Deploy.0 = Debug|x64
		{A664786A-2B05-4192-80CF-188BA4B652BF}.Debug|x86.ActiveCfg = Debug|x86
		{A664786A-2B05-4192-80CF-188BA4B652BF}.Debug|x86.Build.0 = Debug|x86
		{A664786A-2B05-4192-80CF-188BA4B652BF}.Debug|x86.Deploy.0 = Debug|x86
		{A664786A-2B05-4192-80CF-188BA4B652BF}.Release|Any CPU.ActiveCfg = Release|Any CPU
		{A664786A-2B05-4192-80CF-188BA4B652BF}.Release|Any CPU.Build.0 = Release|Any CPU
		{A664786A-2B05-4192-80CF-188BA4B652BF}.Release|Any CPU.Deploy.0 = Release|Any CPU
		{A664786A-2B05-4192-80CF-188BA4B652BF}.Release|ARM.ActiveCfg = Release|ARM
		{A664786A-2B05-4192-80CF-188BA4B652BF}.Release|ARM.Build.0 = Release|ARM
		{A664786A-2B05-4192-80CF-188BA4B652BF}.Release|ARM.Deploy.0 = Release|ARM
		{A664786A-2B05-4192-80CF-188BA4B652BF}.Release|x64.ActiveCfg = Release|x64
		{A664786A-2B05-4192-80CF-188BA4B652BF}.Release|x64.Build.0 = Release|x64
		{A664786A-2B05-4192-80CF-188BA4B652BF}.Release|x64.Deploy.0 = Release|x64
		{A664786A-2B05-4192-80CF-188BA4B652BF}.Release|x86.ActiveCfg = Release|x86
		{A664786A-2B05-4192-80CF-188BA4B652BF}.Release|x86.Build.0 = Release|x86
		{A664786A-2B05-4192-80CF-188BA4B652BF}.Release|x86.Deploy.0 = Release|x86
		{BA01BE82-AFCD-489E-B404-30CACC1AA5CF}.Debug|Any CPU.ActiveCfg = Debug|Any CPU
		{BA01BE82-AFCD-489E-B404-30CACC1AA5CF}.Debug|Any CPU.Build.0 = Debug|Any CPU
		{BA01BE82-AFCD-489E-B404-30CACC1AA5CF}.Debug|ARM.ActiveCfg = Debug|Any CPU
		{BA01BE82-AFCD-489E-B404-30CACC1AA5CF}.Debug|x64.ActiveCfg = Debug|Any CPU
		{BA01BE82-AFCD-489E-B404-30CACC1AA5CF}.Debug|x86.ActiveCfg = Debug|Any CPU
		{BA01BE82-AFCD-489E-B404-30CACC1AA5CF}.Release|Any CPU.ActiveCfg = Release|Any CPU
		{BA01BE82-AFCD-489E-B404-30CACC1AA5CF}.Release|Any CPU.Build.0 = Release|Any CPU
		{BA01BE82-AFCD-489E-B404-30CACC1AA5CF}.Release|ARM.ActiveCfg = Release|Any CPU
		{BA01BE82-AFCD-489E-B404-30CACC1AA5CF}.Release|x64.ActiveCfg = Release|Any CPU
		{BA01BE82-AFCD-489E-B404-30CACC1AA5CF}.Release|x86.ActiveCfg = Release|Any CPU
		{BE3D9740-7A75-4E03-8D68-A523244F7E80}.Debug|Any CPU.ActiveCfg = Debug|Any CPU
		{BE3D9740-7A75-4E03-8D68-A523244F7E80}.Debug|Any CPU.Build.0 = Debug|Any CPU
		{BE3D9740-7A75-4E03-8D68-A523244F7E80}.Debug|ARM.ActiveCfg = Debug|Any CPU
		{BE3D9740-7A75-4E03-8D68-A523244F7E80}.Debug|x64.ActiveCfg = Debug|Any CPU
		{BE3D9740-7A75-4E03-8D68-A523244F7E80}.Debug|x86.ActiveCfg = Debug|Any CPU
		{BE3D9740-7A75-4E03-8D68-A523244F7E80}.Release|Any CPU.ActiveCfg = Release|Any CPU
		{BE3D9740-7A75-4E03-8D68-A523244F7E80}.Release|Any CPU.Build.0 = Release|Any CPU
		{BE3D9740-7A75-4E03-8D68-A523244F7E80}.Release|ARM.ActiveCfg = Release|Any CPU
		{BE3D9740-7A75-4E03-8D68-A523244F7E80}.Release|x64.ActiveCfg = Release|Any CPU
		{BE3D9740-7A75-4E03-8D68-A523244F7E80}.Release|x86.ActiveCfg = Release|Any CPU
		{D6727B24-9B96-4653-A22E-6854B67ECD85}.Debug|Any CPU.ActiveCfg = Debug|Any CPU
		{D6727B24-9B96-4653-A22E-6854B67ECD85}.Debug|Any CPU.Build.0 = Debug|Any CPU
		{D6727B24-9B96-4653-A22E-6854B67ECD85}.Debug|ARM.ActiveCfg = Debug|ARM
		{D6727B24-9B96-4653-A22E-6854B67ECD85}.Debug|ARM.Build.0 = Debug|ARM
		{D6727B24-9B96-4653-A22E-6854B67ECD85}.Debug|x64.ActiveCfg = Debug|x64
		{D6727B24-9B96-4653-A22E-6854B67ECD85}.Debug|x64.Build.0 = Debug|x64
		{D6727B24-9B96-4653-A22E-6854B67ECD85}.Debug|x86.ActiveCfg = Debug|x86
		{D6727B24-9B96-4653-A22E-6854B67ECD85}.Debug|x86.Build.0 = Debug|x86
		{D6727B24-9B96-4653-A22E-6854B67ECD85}.Release|Any CPU.ActiveCfg = Release|Any CPU
		{D6727B24-9B96-4653-A22E-6854B67ECD85}.Release|Any CPU.Build.0 = Release|Any CPU
		{D6727B24-9B96-4653-A22E-6854B67ECD85}.Release|ARM.ActiveCfg = Release|ARM
		{D6727B24-9B96-4653-A22E-6854B67ECD85}.Release|ARM.Build.0 = Release|ARM
		{D6727B24-9B96-4653-A22E-6854B67ECD85}.Release|x64.ActiveCfg = Release|x64
		{D6727B24-9B96-4653-A22E-6854B67ECD85}.Release|x64.Build.0 = Release|x64
		{D6727B24-9B96-4653-A22E-6854B67ECD85}.Release|x86.ActiveCfg = Release|x86
		{D6727B24-9B96-4653-A22E-6854B67ECD85}.Release|x86.Build.0 = Release|x86
		{A87A9B32-8E2E-4CCB-A339-88AFF5A10C59}.Debug|Any CPU.ActiveCfg = Debug|Any CPU
		{A87A9B32-8E2E-4CCB-A339-88AFF5A10C59}.Debug|Any CPU.Build.0 = Debug|Any CPU
		{A87A9B32-8E2E-4CCB-A339-88AFF5A10C59}.Debug|Any CPU.Deploy.0 = Debug|Any CPU
		{A87A9B32-8E2E-4CCB-A339-88AFF5A10C59}.Debug|ARM.ActiveCfg = Debug|ARM
		{A87A9B32-8E2E-4CCB-A339-88AFF5A10C59}.Debug|ARM.Build.0 = Debug|ARM
		{A87A9B32-8E2E-4CCB-A339-88AFF5A10C59}.Debug|ARM.Deploy.0 = Debug|ARM
		{A87A9B32-8E2E-4CCB-A339-88AFF5A10C59}.Debug|x64.ActiveCfg = Debug|x64
		{A87A9B32-8E2E-4CCB-A339-88AFF5A10C59}.Debug|x64.Build.0 = Debug|x64
		{A87A9B32-8E2E-4CCB-A339-88AFF5A10C59}.Debug|x64.Deploy.0 = Debug|x64
		{A87A9B32-8E2E-4CCB-A339-88AFF5A10C59}.Debug|x86.ActiveCfg = Debug|x86
		{A87A9B32-8E2E-4CCB-A339-88AFF5A10C59}.Debug|x86.Build.0 = Debug|x86
		{A87A9B32-8E2E-4CCB-A339-88AFF5A10C59}.Debug|x86.Deploy.0 = Debug|x86
		{A87A9B32-8E2E-4CCB-A339-88AFF5A10C59}.Release|Any CPU.ActiveCfg = Release|Any CPU
		{A87A9B32-8E2E-4CCB-A339-88AFF5A10C59}.Release|Any CPU.Build.0 = Release|Any CPU
		{A87A9B32-8E2E-4CCB-A339-88AFF5A10C59}.Release|Any CPU.Deploy.0 = Release|Any CPU
		{A87A9B32-8E2E-4CCB-A339-88AFF5A10C59}.Release|ARM.ActiveCfg = Release|ARM
		{A87A9B32-8E2E-4CCB-A339-88AFF5A10C59}.Release|ARM.Build.0 = Release|ARM
		{A87A9B32-8E2E-4CCB-A339-88AFF5A10C59}.Release|ARM.Deploy.0 = Release|ARM
		{A87A9B32-8E2E-4CCB-A339-88AFF5A10C59}.Release|x64.ActiveCfg = Release|x64
		{A87A9B32-8E2E-4CCB-A339-88AFF5A10C59}.Release|x64.Build.0 = Release|x64
		{A87A9B32-8E2E-4CCB-A339-88AFF5A10C59}.Release|x64.Deploy.0 = Release|x64
		{A87A9B32-8E2E-4CCB-A339-88AFF5A10C59}.Release|x86.ActiveCfg = Release|x86
		{A87A9B32-8E2E-4CCB-A339-88AFF5A10C59}.Release|x86.Build.0 = Release|x86
		{A87A9B32-8E2E-4CCB-A339-88AFF5A10C59}.Release|x86.Deploy.0 = Release|x86
		{46AB888F-4AFD-49A4-A051-2C7C61803318}.Debug|Any CPU.ActiveCfg = Debug|Any CPU
		{46AB888F-4AFD-49A4-A051-2C7C61803318}.Debug|Any CPU.Build.0 = Debug|Any CPU
		{46AB888F-4AFD-49A4-A051-2C7C61803318}.Debug|ARM.ActiveCfg = Debug|Any CPU
		{46AB888F-4AFD-49A4-A051-2C7C61803318}.Debug|x64.ActiveCfg = Debug|Any CPU
		{46AB888F-4AFD-49A4-A051-2C7C61803318}.Debug|x86.ActiveCfg = Debug|Any CPU
		{46AB888F-4AFD-49A4-A051-2C7C61803318}.Release|Any CPU.ActiveCfg = Release|Any CPU
		{46AB888F-4AFD-49A4-A051-2C7C61803318}.Release|Any CPU.Build.0 = Release|Any CPU
		{46AB888F-4AFD-49A4-A051-2C7C61803318}.Release|ARM.ActiveCfg = Release|Any CPU
		{46AB888F-4AFD-49A4-A051-2C7C61803318}.Release|x64.ActiveCfg = Release|Any CPU
		{46AB888F-4AFD-49A4-A051-2C7C61803318}.Release|x86.ActiveCfg = Release|Any CPU
		{E619191F-6443-44B7-9EE4-13DE317AD51F}.Debug|Any CPU.ActiveCfg = Debug|Any CPU
		{E619191F-6443-44B7-9EE4-13DE317AD51F}.Debug|Any CPU.Build.0 = Debug|Any CPU
		{E619191F-6443-44B7-9EE4-13DE317AD51F}.Debug|ARM.ActiveCfg = Debug|Any CPU
		{E619191F-6443-44B7-9EE4-13DE317AD51F}.Debug|x64.ActiveCfg = Debug|Any CPU
		{E619191F-6443-44B7-9EE4-13DE317AD51F}.Debug|x86.ActiveCfg = Debug|Any CPU
		{E619191F-6443-44B7-9EE4-13DE317AD51F}.Release|Any CPU.ActiveCfg = Release|Any CPU
		{E619191F-6443-44B7-9EE4-13DE317AD51F}.Release|Any CPU.Build.0 = Release|Any CPU
		{E619191F-6443-44B7-9EE4-13DE317AD51F}.Release|ARM.ActiveCfg = Release|Any CPU
		{E619191F-6443-44B7-9EE4-13DE317AD51F}.Release|x64.ActiveCfg = Release|Any CPU
		{E619191F-6443-44B7-9EE4-13DE317AD51F}.Release|x86.ActiveCfg = Release|Any CPU
	EndGlobalSection
	GlobalSection(SolutionProperties) = preSolution
		HideSolutionNode = FALSE
	EndGlobalSection
	GlobalSection(NestedProjects) = preSolution
		{7B2A97D0-5CAE-4CDB-A4E7-BFCD5C26820A} = {6FBD2345-6668-4055-9B0E-9DC40FCF5328}
		{1F805B14-7D44-47F2-8A5D-2EFE5B570B77} = {6FBD2345-6668-4055-9B0E-9DC40FCF5328}
		{D8A5320C-E57F-4409-B3F1-896FE4CBFD96} = {6FBD2345-6668-4055-9B0E-9DC40FCF5328}
		{B1807D82-2271-4A9B-B520-06BAAE45305F} = {6FBD2345-6668-4055-9B0E-9DC40FCF5328}
		{E4E93F0A-82F9-441F-9D8A-958F9A592C67} = {A0B93F1E-F04F-4868-B3AB-AC7D1C98199A}
		{EBEB3A74-2EBB-4992-A27E-83350726C3E2} = {A0B93F1E-F04F-4868-B3AB-AC7D1C98199A}
		{4C5E9FFD-4571-4FE0-93A4-5EF611F2297D} = {A0B93F1E-F04F-4868-B3AB-AC7D1C98199A}
		{A664786A-2B05-4192-80CF-188BA4B652BF} = {87599D3E-3045-4E11-8095-E648FA335B54}
		{BA01BE82-AFCD-489E-B404-30CACC1AA5CF} = {87599D3E-3045-4E11-8095-E648FA335B54}
		{BE3D9740-7A75-4E03-8D68-A523244F7E80} = {87599D3E-3045-4E11-8095-E648FA335B54}
		{D6727B24-9B96-4653-A22E-6854B67ECD85} = {87599D3E-3045-4E11-8095-E648FA335B54}
		{A87A9B32-8E2E-4CCB-A339-88AFF5A10C59} = {1004203D-1E80-45BC-9B78-AE62ECF37BC1}
		{46AB888F-4AFD-49A4-A051-2C7C61803318} = {1004203D-1E80-45BC-9B78-AE62ECF37BC1}
		{E619191F-6443-44B7-9EE4-13DE317AD51F} = {1004203D-1E80-45BC-9B78-AE62ECF37BC1}
	EndGlobalSection
EndGlobal
