
Microsoft Visual Studio Solution File, Format Version 12.00
# Visual Studio 2012
Project("{FAE04EC0-301F-11D3-BF4B-00C04F79EFBC}") = "HelloWorld_App1", "HelloWorld_App1\HelloWorld_App1.csproj", "{D4287678-CC43-4ADB-BAFA-ED8D48775174}"
EndProject
Project("{FAE04EC0-301F-11D3-BF4B-00C04F79EFBC}") = "AndroidApplication1", "AndroidApplication1\AndroidApplication1.csproj", "{84B0AF7B-3ABF-4BAA-B190-095BFC15FCF8}"
EndProject
Global
	GlobalSection(SolutionConfigurationPlatforms) = preSolution
		Ad-Hoc|Any CPU = Ad-Hoc|Any CPU
		Ad-Hoc|iPhone = Ad-Hoc|iPhone
		Ad-Hoc|iPhoneSimulator = Ad-Hoc|iPhoneSimulator
		Ad-Hoc|Mixed Platforms = Ad-Hoc|Mixed Platforms
		AppStore|Any CPU = AppStore|Any CPU
		AppStore|iPhone = AppStore|iPhone
		AppStore|iPhoneSimulator = AppStore|iPhoneSimulator
		AppStore|Mixed Platforms = AppStore|Mixed Platforms
		Debug|Any CPU = Debug|Any CPU
		Debug|iPhone = Debug|iPhone
		Debug|iPhoneSimulator = Debug|iPhoneSimulator
		Debug|Mixed Platforms = Debug|Mixed Platforms
		Release|Any CPU = Release|Any CPU
		Release|iPhone = Release|iPhone
		Release|iPhoneSimulator = Release|iPhoneSimulator
		Release|Mixed Platforms = Release|Mixed Platforms
	EndGlobalSection
	GlobalSection(ProjectConfigurationPlatforms) = postSolution
		{D4287678-CC43-4ADB-BAFA-ED8D48775174}.Ad-Hoc|Any CPU.ActiveCfg = Ad-Hoc|iPhone
		{D4287678-CC43-4ADB-BAFA-ED8D48775174}.Ad-Hoc|iPhone.ActiveCfg = Ad-Hoc|iPhone
		{D4287678-CC43-4ADB-BAFA-ED8D48775174}.Ad-Hoc|iPhone.Build.0 = Ad-Hoc|iPhone
		{D4287678-CC43-4ADB-BAFA-ED8D48775174}.Ad-Hoc|iPhoneSimulator.ActiveCfg = Ad-Hoc|iPhoneSimulator
		{D4287678-CC43-4ADB-BAFA-ED8D48775174}.Ad-Hoc|iPhoneSimulator.Build.0 = Ad-Hoc|iPhoneSimulator
		{D4287678-CC43-4ADB-BAFA-ED8D48775174}.Ad-Hoc|Mixed Platforms.ActiveCfg = Ad-Hoc|iPhone
		{D4287678-CC43-4ADB-BAFA-ED8D48775174}.Ad-Hoc|Mixed Platforms.Build.0 = Ad-Hoc|iPhone
		{D4287678-CC43-4ADB-BAFA-ED8D48775174}.Ad-Hoc|Mixed Platforms.Deploy.0 = Ad-Hoc|iPhone
		{D4287678-CC43-4ADB-BAFA-ED8D48775174}.AppStore|Any CPU.ActiveCfg = AppStore|iPhone
		{D4287678-CC43-4ADB-BAFA-ED8D48775174}.AppStore|iPhone.ActiveCfg = AppStore|iPhone
		{D4287678-CC43-4ADB-BAFA-ED8D48775174}.AppStore|iPhone.Build.0 = AppStore|iPhone
		{D4287678-CC43-4ADB-BAFA-ED8D48775174}.AppStore|iPhoneSimulator.ActiveCfg = AppStore|iPhoneSimulator
		{D4287678-CC43-4ADB-BAFA-ED8D48775174}.AppStore|iPhoneSimulator.Build.0 = AppStore|iPhoneSimulator
		{D4287678-CC43-4ADB-BAFA-ED8D48775174}.AppStore|Mixed Platforms.ActiveCfg = AppStore|iPhone
		{D4287678-CC43-4ADB-BAFA-ED8D48775174}.AppStore|Mixed Platforms.Build.0 = AppStore|iPhone
		{D4287678-CC43-4ADB-BAFA-ED8D48775174}.AppStore|Mixed Platforms.Deploy.0 = AppStore|iPhone
		{D4287678-CC43-4ADB-BAFA-ED8D48775174}.Debug|Any CPU.ActiveCfg = Debug|iPhone
		{D4287678-CC43-4ADB-BAFA-ED8D48775174}.Debug|iPhone.ActiveCfg = Debug|iPhone
		{D4287678-CC43-4ADB-BAFA-ED8D48775174}.Debug|iPhone.Build.0 = Debug|iPhone
		{D4287678-CC43-4ADB-BAFA-ED8D48775174}.Debug|iPhoneSimulator.ActiveCfg = Debug|iPhoneSimulator
		{D4287678-CC43-4ADB-BAFA-ED8D48775174}.Debug|iPhoneSimulator.Build.0 = Debug|iPhoneSimulator
		{D4287678-CC43-4ADB-BAFA-ED8D48775174}.Debug|Mixed Platforms.ActiveCfg = Debug|iPhone
		{D4287678-CC43-4ADB-BAFA-ED8D48775174}.Debug|Mixed Platforms.Build.0 = Debug|iPhone
		{D4287678-CC43-4ADB-BAFA-ED8D48775174}.Debug|Mixed Platforms.Deploy.0 = Debug|iPhone
		{D4287678-CC43-4ADB-BAFA-ED8D48775174}.Release|Any CPU.ActiveCfg = Release|iPhone
		{D4287678-CC43-4ADB-BAFA-ED8D48775174}.Release|iPhone.ActiveCfg = Release|iPhone
		{D4287678-CC43-4ADB-BAFA-ED8D48775174}.Release|iPhone.Build.0 = Release|iPhone
		{D4287678-CC43-4ADB-BAFA-ED8D48775174}.Release|iPhoneSimulator.ActiveCfg = Release|iPhoneSimulator
		{D4287678-CC43-4ADB-BAFA-ED8D48775174}.Release|iPhoneSimulator.Build.0 = Release|iPhoneSimulator
		{D4287678-CC43-4ADB-BAFA-ED8D48775174}.Release|Mixed Platforms.ActiveCfg = Release|iPhone
		{D4287678-CC43-4ADB-BAFA-ED8D48775174}.Release|Mixed Platforms.Build.0 = Release|iPhone
		{D4287678-CC43-4ADB-BAFA-ED8D48775174}.Release|Mixed Platforms.Deploy.0 = Release|iPhone
		{84B0AF7B-3ABF-4BAA-B190-095BFC15FCF8}.Ad-Hoc|Any CPU.ActiveCfg = Release|Any CPU
		{84B0AF7B-3ABF-4BAA-B190-095BFC15FCF8}.Ad-Hoc|Any CPU.Build.0 = Release|Any CPU
		{84B0AF7B-3ABF-4BAA-B190-095BFC15FCF8}.Ad-Hoc|Any CPU.Deploy.0 = Release|Any CPU
		{84B0AF7B-3ABF-4BAA-B190-095BFC15FCF8}.Ad-Hoc|iPhone.ActiveCfg = Release|Any CPU
		{84B0AF7B-3ABF-4BAA-B190-095BFC15FCF8}.Ad-Hoc|iPhoneSimulator.ActiveCfg = Release|Any CPU
		{84B0AF7B-3ABF-4BAA-B190-095BFC15FCF8}.Ad-Hoc|Mixed Platforms.ActiveCfg = Release|Any CPU
		{84B0AF7B-3ABF-4BAA-B190-095BFC15FCF8}.Ad-Hoc|Mixed Platforms.Build.0 = Release|Any CPU
		{84B0AF7B-3ABF-4BAA-B190-095BFC15FCF8}.Ad-Hoc|Mixed Platforms.Deploy.0 = Release|Any CPU
		{84B0AF7B-3ABF-4BAA-B190-095BFC15FCF8}.AppStore|Any CPU.ActiveCfg = Release|Any CPU
		{84B0AF7B-3ABF-4BAA-B190-095BFC15FCF8}.AppStore|Any CPU.Build.0 = Release|Any CPU
		{84B0AF7B-3ABF-4BAA-B190-095BFC15FCF8}.AppStore|Any CPU.Deploy.0 = Release|Any CPU
		{84B0AF7B-3ABF-4BAA-B190-095BFC15FCF8}.AppStore|iPhone.ActiveCfg = Release|Any CPU
		{84B0AF7B-3ABF-4BAA-B190-095BFC15FCF8}.AppStore|iPhoneSimulator.ActiveCfg = Release|Any CPU
		{84B0AF7B-3ABF-4BAA-B190-095BFC15FCF8}.AppStore|Mixed Platforms.ActiveCfg = Release|Any CPU
		{84B0AF7B-3ABF-4BAA-B190-095BFC15FCF8}.AppStore|Mixed Platforms.Build.0 = Release|Any CPU
		{84B0AF7B-3ABF-4BAA-B190-095BFC15FCF8}.AppStore|Mixed Platforms.Deploy.0 = Release|Any CPU
		{84B0AF7B-3ABF-4BAA-B190-095BFC15FCF8}.Debug|Any CPU.ActiveCfg = Debug|Any CPU
		{84B0AF7B-3ABF-4BAA-B190-095BFC15FCF8}.Debug|Any CPU.Build.0 = Debug|Any CPU
		{84B0AF7B-3ABF-4BAA-B190-095BFC15FCF8}.Debug|Any CPU.Deploy.0 = Debug|Any CPU
		{84B0AF7B-3ABF-4BAA-B190-095BFC15FCF8}.Debug|iPhone.ActiveCfg = Debug|Any CPU
		{84B0AF7B-3ABF-4BAA-B190-095BFC15FCF8}.Debug|iPhoneSimulator.ActiveCfg = Debug|Any CPU
		{84B0AF7B-3ABF-4BAA-B190-095BFC15FCF8}.Debug|Mixed Platforms.ActiveCfg = Debug|Any CPU
		{84B0AF7B-3ABF-4BAA-B190-095BFC15FCF8}.Debug|Mixed Platforms.Build.0 = Debug|Any CPU
		{84B0AF7B-3ABF-4BAA-B190-095BFC15FCF8}.Debug|Mixed Platforms.Deploy.0 = Debug|Any CPU
		{84B0AF7B-3ABF-4BAA-B190-095BFC15FCF8}.Release|Any CPU.ActiveCfg = Release|Any CPU
		{84B0AF7B-3ABF-4BAA-B190-095BFC15FCF8}.Release|Any CPU.Build.0 = Release|Any CPU
		{84B0AF7B-3ABF-4BAA-B190-095BFC15FCF8}.Release|Any CPU.Deploy.0 = Release|Any CPU
		{84B0AF7B-3ABF-4BAA-B190-095BFC15FCF8}.Release|iPhone.ActiveCfg = Release|Any CPU
		{84B0AF7B-3ABF-4BAA-B190-095BFC15FCF8}.Release|iPhoneSimulator.ActiveCfg = Release|Any CPU
		{84B0AF7B-3ABF-4BAA-B190-095BFC15FCF8}.Release|Mixed Platforms.ActiveCfg = Release|Any CPU
		{84B0AF7B-3ABF-4BAA-B190-095BFC15FCF8}.Release|Mixed Platforms.Build.0 = Release|Any CPU
		{84B0AF7B-3ABF-4BAA-B190-095BFC15FCF8}.Release|Mixed Platforms.Deploy.0 = Release|Any CPU
	EndGlobalSection
	GlobalSection(SolutionProperties) = preSolution
		HideSolutionNode = FALSE
	EndGlobalSection
EndGlobal
