
Microsoft Visual Studio Solution File, Format Version 12.00
# Visual Studio 2012
Project("{FAE04EC0-301F-11D3-BF4B-00C04F79EFBC}") = "Facts.Core", "Facts.Core\Facts.Core.csproj", "{762D5C49-C78C-4AEE-8712-76255238A620}"
EndProject
Project("{FAE04EC0-301F-11D3-BF4B-00C04F79EFBC}") = "Facts.Domain", "Facts.Domain\Facts.Domain.csproj", "{26F17C62-F72B-4BC8-9C7D-0349A3DCF93E}"
EndProject
Project("{2150E333-8FDC-42A3-9474-1A3956D46DE8}") = "User Interfaces", "User Interfaces", "{345ADB7A-4520-4DBE-B7E9-C9182C335D82}"
EndProject
Project("{FAE04EC0-301F-11D3-BF4B-00C04F79EFBC}") = "Facts.WPF", "Facts.WPF\Facts.WPF.csproj", "{F4D5A72F-59AE-431B-A93D-76AC0804E02F}"
EndProject
Project("{FAE04EC0-301F-11D3-BF4B-00C04F79EFBC}") = "Facts.Droid", "Facts.Droid\Facts.Droid.csproj", "{14ED651B-34BD-45C6-9EC6-3331BE053B9B}"
EndProject
Project("{FAE04EC0-301F-11D3-BF4B-00C04F79EFBC}") = "Facts.ModernUINotCalledMetro", "Facts.ModernUINotCalledMetro\Facts.ModernUINotCalledMetro.csproj", "{8A6433D4-F559-494B-8561-C0AA12955A6E}"
EndProject
Project("{FAE04EC0-301F-11D3-BF4B-00C04F79EFBC}") = "Facts.WP8", "Facts.WP8\Facts.WP8.csproj", "{151D57E4-07CE-4E28-82E2-398F688A509E}"
EndProject
Project("{FAE04EC0-301F-11D3-BF4B-00C04F79EFBC}") = "Facts.iOS", "Facts.iOS\Facts.iOS.csproj", "{784F56DE-203F-4E61-BA07-CA678160E04F}"
EndProject
Project("{FAE04EC0-301F-11D3-BF4B-00C04F79EFBC}") = "Facts.Repository", "Facts.Repository\Facts.Repository.csproj", "{73E69160-5F2F-4848-82D1-517E0CE5F228}"
EndProject
Project("{2150E333-8FDC-42A3-9474-1A3956D46DE8}") = ".nuget", ".nuget", "{A6D344C0-2E3F-4250-A51B-589F7D0F30B7}"
	ProjectSection(SolutionItems) = preProject
		.nuget\NuGet.Config = .nuget\NuGet.Config
		.nuget\NuGet.exe = .nuget\NuGet.exe
		.nuget\NuGet.targets = .nuget\NuGet.targets
	EndProjectSection
EndProject
Project("{2150E333-8FDC-42A3-9474-1A3956D46DE8}") = "iOS", "iOS", "{38836348-1389-4F05-BB60-359BF1F18AAC}"
EndProject
Project("{FAE04EC0-301F-11D3-BF4B-00C04F79EFBC}") = "Facts.iOS.Core", "Facts.iOS.Core\Facts.iOS.Core.csproj", "{F6F779C8-897E-4C46-B41D-281CAFA5911B}"
EndProject
Project("{FAE04EC0-301F-11D3-BF4B-00C04F79EFBC}") = "Facts.iOS.Domain", "Facts.iOS.Domain\Facts.iOS.Domain.csproj", "{E8D04781-4DF7-45AD-BE10-3408C44FA111}"
EndProject
Project("{FAE04EC0-301F-11D3-BF4B-00C04F79EFBC}") = "Facts.iOS.Repository", "Facts.iOS.Repository\Facts.iOS.Repository.csproj", "{7D86D924-7CE9-4801-8548-88AC1282BD8B}"
EndProject
Project("{FAE04EC0-301F-11D3-BF4B-00C04F79EFBC}") = "Facts.Console", "Facts.Console\Facts.Console.csproj", "{2ECB146F-13FC-4A48-9DE3-BBBB63967F0A}"
EndProject
Global
	GlobalSection(SolutionConfigurationPlatforms) = preSolution
		Ad-Hoc|Any CPU = Ad-Hoc|Any CPU
		Ad-Hoc|ARM = Ad-Hoc|ARM
		Ad-Hoc|iPhone = Ad-Hoc|iPhone
		Ad-Hoc|iPhoneSimulator = Ad-Hoc|iPhoneSimulator
		Ad-Hoc|Mixed Platforms = Ad-Hoc|Mixed Platforms
		Ad-Hoc|x64 = Ad-Hoc|x64
		Ad-Hoc|x86 = Ad-Hoc|x86
		AppStore|Any CPU = AppStore|Any CPU
		AppStore|ARM = AppStore|ARM
		AppStore|iPhone = AppStore|iPhone
		AppStore|iPhoneSimulator = AppStore|iPhoneSimulator
		AppStore|Mixed Platforms = AppStore|Mixed Platforms
		AppStore|x64 = AppStore|x64
		AppStore|x86 = AppStore|x86
		Debug|Any CPU = Debug|Any CPU
		Debug|ARM = Debug|ARM
		Debug|iPhone = Debug|iPhone
		Debug|iPhoneSimulator = Debug|iPhoneSimulator
		Debug|Mixed Platforms = Debug|Mixed Platforms
		Debug|x64 = Debug|x64
		Debug|x86 = Debug|x86
		Release|Any CPU = Release|Any CPU
		Release|ARM = Release|ARM
		Release|iPhone = Release|iPhone
		Release|iPhoneSimulator = Release|iPhoneSimulator
		Release|Mixed Platforms = Release|Mixed Platforms
		Release|x64 = Release|x64
		Release|x86 = Release|x86
	EndGlobalSection
	GlobalSection(ProjectConfigurationPlatforms) = postSolution
		{762D5C49-C78C-4AEE-8712-76255238A620}.Ad-Hoc|Any CPU.ActiveCfg = Release|Any CPU
		{762D5C49-C78C-4AEE-8712-76255238A620}.Ad-Hoc|Any CPU.Build.0 = Release|Any CPU
		{762D5C49-C78C-4AEE-8712-76255238A620}.Ad-Hoc|ARM.ActiveCfg = Release|Any CPU
		{762D5C49-C78C-4AEE-8712-76255238A620}.Ad-Hoc|iPhone.ActiveCfg = Release|Any CPU
		{762D5C49-C78C-4AEE-8712-76255238A620}.Ad-Hoc|iPhoneSimulator.ActiveCfg = Release|Any CPU
		{762D5C49-C78C-4AEE-8712-76255238A620}.Ad-Hoc|Mixed Platforms.ActiveCfg = Release|Any CPU
		{762D5C49-C78C-4AEE-8712-76255238A620}.Ad-Hoc|Mixed Platforms.Build.0 = Release|Any CPU
		{762D5C49-C78C-4AEE-8712-76255238A620}.Ad-Hoc|x64.ActiveCfg = Release|Any CPU
		{762D5C49-C78C-4AEE-8712-76255238A620}.Ad-Hoc|x86.ActiveCfg = Release|Any CPU
		{762D5C49-C78C-4AEE-8712-76255238A620}.AppStore|Any CPU.ActiveCfg = Release|Any CPU
		{762D5C49-C78C-4AEE-8712-76255238A620}.AppStore|Any CPU.Build.0 = Release|Any CPU
		{762D5C49-C78C-4AEE-8712-76255238A620}.AppStore|ARM.ActiveCfg = Release|Any CPU
		{762D5C49-C78C-4AEE-8712-76255238A620}.AppStore|iPhone.ActiveCfg = Release|Any CPU
		{762D5C49-C78C-4AEE-8712-76255238A620}.AppStore|iPhoneSimulator.ActiveCfg = Release|Any CPU
		{762D5C49-C78C-4AEE-8712-76255238A620}.AppStore|Mixed Platforms.ActiveCfg = Release|Any CPU
		{762D5C49-C78C-4AEE-8712-76255238A620}.AppStore|Mixed Platforms.Build.0 = Release|Any CPU
		{762D5C49-C78C-4AEE-8712-76255238A620}.AppStore|x64.ActiveCfg = Release|Any CPU
		{762D5C49-C78C-4AEE-8712-76255238A620}.AppStore|x86.ActiveCfg = Release|Any CPU
		{762D5C49-C78C-4AEE-8712-76255238A620}.Debug|Any CPU.ActiveCfg = Debug|Any CPU
		{762D5C49-C78C-4AEE-8712-76255238A620}.Debug|Any CPU.Build.0 = Debug|Any CPU
		{762D5C49-C78C-4AEE-8712-76255238A620}.Debug|ARM.ActiveCfg = Debug|Any CPU
		{762D5C49-C78C-4AEE-8712-76255238A620}.Debug|iPhone.ActiveCfg = Debug|Any CPU
		{762D5C49-C78C-4AEE-8712-76255238A620}.Debug|iPhoneSimulator.ActiveCfg = Debug|Any CPU
		{762D5C49-C78C-4AEE-8712-76255238A620}.Debug|iPhoneSimulator.Build.0 = Debug|Any CPU
		{762D5C49-C78C-4AEE-8712-76255238A620}.Debug|Mixed Platforms.ActiveCfg = Debug|Any CPU
		{762D5C49-C78C-4AEE-8712-76255238A620}.Debug|Mixed Platforms.Build.0 = Debug|Any CPU
		{762D5C49-C78C-4AEE-8712-76255238A620}.Debug|x64.ActiveCfg = Debug|Any CPU
		{762D5C49-C78C-4AEE-8712-76255238A620}.Debug|x86.ActiveCfg = Debug|Any CPU
		{762D5C49-C78C-4AEE-8712-76255238A620}.Release|Any CPU.ActiveCfg = Release|Any CPU
		{762D5C49-C78C-4AEE-8712-76255238A620}.Release|Any CPU.Build.0 = Release|Any CPU
		{762D5C49-C78C-4AEE-8712-76255238A620}.Release|ARM.ActiveCfg = Release|Any CPU
		{762D5C49-C78C-4AEE-8712-76255238A620}.Release|iPhone.ActiveCfg = Release|Any CPU
		{762D5C49-C78C-4AEE-8712-76255238A620}.Release|iPhoneSimulator.ActiveCfg = Release|Any CPU
		{762D5C49-C78C-4AEE-8712-76255238A620}.Release|Mixed Platforms.ActiveCfg = Release|Any CPU
		{762D5C49-C78C-4AEE-8712-76255238A620}.Release|Mixed Platforms.Build.0 = Release|Any CPU
		{762D5C49-C78C-4AEE-8712-76255238A620}.Release|x64.ActiveCfg = Release|Any CPU
		{762D5C49-C78C-4AEE-8712-76255238A620}.Release|x86.ActiveCfg = Release|Any CPU
		{26F17C62-F72B-4BC8-9C7D-0349A3DCF93E}.Ad-Hoc|Any CPU.ActiveCfg = Release|Any CPU
		{26F17C62-F72B-4BC8-9C7D-0349A3DCF93E}.Ad-Hoc|Any CPU.Build.0 = Release|Any CPU
		{26F17C62-F72B-4BC8-9C7D-0349A3DCF93E}.Ad-Hoc|ARM.ActiveCfg = Release|Any CPU
		{26F17C62-F72B-4BC8-9C7D-0349A3DCF93E}.Ad-Hoc|iPhone.ActiveCfg = Release|Any CPU
		{26F17C62-F72B-4BC8-9C7D-0349A3DCF93E}.Ad-Hoc|iPhoneSimulator.ActiveCfg = Release|Any CPU
		{26F17C62-F72B-4BC8-9C7D-0349A3DCF93E}.Ad-Hoc|Mixed Platforms.ActiveCfg = Release|Any CPU
		{26F17C62-F72B-4BC8-9C7D-0349A3DCF93E}.Ad-Hoc|Mixed Platforms.Build.0 = Release|Any CPU
		{26F17C62-F72B-4BC8-9C7D-0349A3DCF93E}.Ad-Hoc|x64.ActiveCfg = Release|Any CPU
		{26F17C62-F72B-4BC8-9C7D-0349A3DCF93E}.Ad-Hoc|x86.ActiveCfg = Release|Any CPU
		{26F17C62-F72B-4BC8-9C7D-0349A3DCF93E}.AppStore|Any CPU.ActiveCfg = Release|Any CPU
		{26F17C62-F72B-4BC8-9C7D-0349A3DCF93E}.AppStore|Any CPU.Build.0 = Release|Any CPU
		{26F17C62-F72B-4BC8-9C7D-0349A3DCF93E}.AppStore|ARM.ActiveCfg = Release|Any CPU
		{26F17C62-F72B-4BC8-9C7D-0349A3DCF93E}.AppStore|iPhone.ActiveCfg = Release|Any CPU
		{26F17C62-F72B-4BC8-9C7D-0349A3DCF93E}.AppStore|iPhoneSimulator.ActiveCfg = Release|Any CPU
		{26F17C62-F72B-4BC8-9C7D-0349A3DCF93E}.AppStore|Mixed Platforms.ActiveCfg = Release|Any CPU
		{26F17C62-F72B-4BC8-9C7D-0349A3DCF93E}.AppStore|Mixed Platforms.Build.0 = Release|Any CPU
		{26F17C62-F72B-4BC8-9C7D-0349A3DCF93E}.AppStore|x64.ActiveCfg = Release|Any CPU
		{26F17C62-F72B-4BC8-9C7D-0349A3DCF93E}.AppStore|x86.ActiveCfg = Release|Any CPU
		{26F17C62-F72B-4BC8-9C7D-0349A3DCF93E}.Debug|Any CPU.ActiveCfg = Debug|Any CPU
		{26F17C62-F72B-4BC8-9C7D-0349A3DCF93E}.Debug|Any CPU.Build.0 = Debug|Any CPU
		{26F17C62-F72B-4BC8-9C7D-0349A3DCF93E}.Debug|ARM.ActiveCfg = Debug|Any CPU
		{26F17C62-F72B-4BC8-9C7D-0349A3DCF93E}.Debug|iPhone.ActiveCfg = Debug|Any CPU
		{26F17C62-F72B-4BC8-9C7D-0349A3DCF93E}.Debug|iPhoneSimulator.ActiveCfg = Debug|Any CPU
		{26F17C62-F72B-4BC8-9C7D-0349A3DCF93E}.Debug|iPhoneSimulator.Build.0 = Debug|Any CPU
		{26F17C62-F72B-4BC8-9C7D-0349A3DCF93E}.Debug|Mixed Platforms.ActiveCfg = Debug|Any CPU
		{26F17C62-F72B-4BC8-9C7D-0349A3DCF93E}.Debug|Mixed Platforms.Build.0 = Debug|Any CPU
		{26F17C62-F72B-4BC8-9C7D-0349A3DCF93E}.Debug|x64.ActiveCfg = Debug|Any CPU
		{26F17C62-F72B-4BC8-9C7D-0349A3DCF93E}.Debug|x86.ActiveCfg = Debug|Any CPU
		{26F17C62-F72B-4BC8-9C7D-0349A3DCF93E}.Release|Any CPU.ActiveCfg = Release|Any CPU
		{26F17C62-F72B-4BC8-9C7D-0349A3DCF93E}.Release|Any CPU.Build.0 = Release|Any CPU
		{26F17C62-F72B-4BC8-9C7D-0349A3DCF93E}.Release|ARM.ActiveCfg = Release|Any CPU
		{26F17C62-F72B-4BC8-9C7D-0349A3DCF93E}.Release|iPhone.ActiveCfg = Release|Any CPU
		{26F17C62-F72B-4BC8-9C7D-0349A3DCF93E}.Release|iPhoneSimulator.ActiveCfg = Release|Any CPU
		{26F17C62-F72B-4BC8-9C7D-0349A3DCF93E}.Release|Mixed Platforms.ActiveCfg = Release|Any CPU
		{26F17C62-F72B-4BC8-9C7D-0349A3DCF93E}.Release|Mixed Platforms.Build.0 = Release|Any CPU
		{26F17C62-F72B-4BC8-9C7D-0349A3DCF93E}.Release|x64.ActiveCfg = Release|Any CPU
		{26F17C62-F72B-4BC8-9C7D-0349A3DCF93E}.Release|x86.ActiveCfg = Release|Any CPU
		{F4D5A72F-59AE-431B-A93D-76AC0804E02F}.Ad-Hoc|Any CPU.ActiveCfg = Release|Any CPU
		{F4D5A72F-59AE-431B-A93D-76AC0804E02F}.Ad-Hoc|Any CPU.Build.0 = Release|Any CPU
		{F4D5A72F-59AE-431B-A93D-76AC0804E02F}.Ad-Hoc|ARM.ActiveCfg = Release|Any CPU
		{F4D5A72F-59AE-431B-A93D-76AC0804E02F}.Ad-Hoc|iPhone.ActiveCfg = Release|Any CPU
		{F4D5A72F-59AE-431B-A93D-76AC0804E02F}.Ad-Hoc|iPhoneSimulator.ActiveCfg = Release|Any CPU
		{F4D5A72F-59AE-431B-A93D-76AC0804E02F}.Ad-Hoc|Mixed Platforms.ActiveCfg = Release|Any CPU
		{F4D5A72F-59AE-431B-A93D-76AC0804E02F}.Ad-Hoc|Mixed Platforms.Build.0 = Release|Any CPU
		{F4D5A72F-59AE-431B-A93D-76AC0804E02F}.Ad-Hoc|x64.ActiveCfg = Release|Any CPU
		{F4D5A72F-59AE-431B-A93D-76AC0804E02F}.Ad-Hoc|x86.ActiveCfg = Release|Any CPU
		{F4D5A72F-59AE-431B-A93D-76AC0804E02F}.AppStore|Any CPU.ActiveCfg = Release|Any CPU
		{F4D5A72F-59AE-431B-A93D-76AC0804E02F}.AppStore|Any CPU.Build.0 = Release|Any CPU
		{F4D5A72F-59AE-431B-A93D-76AC0804E02F}.AppStore|ARM.ActiveCfg = Release|Any CPU
		{F4D5A72F-59AE-431B-A93D-76AC0804E02F}.AppStore|iPhone.ActiveCfg = Release|Any CPU
		{F4D5A72F-59AE-431B-A93D-76AC0804E02F}.AppStore|iPhoneSimulator.ActiveCfg = Release|Any CPU
		{F4D5A72F-59AE-431B-A93D-76AC0804E02F}.AppStore|Mixed Platforms.ActiveCfg = Release|Any CPU
		{F4D5A72F-59AE-431B-A93D-76AC0804E02F}.AppStore|Mixed Platforms.Build.0 = Release|Any CPU
		{F4D5A72F-59AE-431B-A93D-76AC0804E02F}.AppStore|x64.ActiveCfg = Release|Any CPU
		{F4D5A72F-59AE-431B-A93D-76AC0804E02F}.AppStore|x86.ActiveCfg = Release|Any CPU
		{F4D5A72F-59AE-431B-A93D-76AC0804E02F}.Debug|Any CPU.ActiveCfg = Debug|Any CPU
		{F4D5A72F-59AE-431B-A93D-76AC0804E02F}.Debug|Any CPU.Build.0 = Debug|Any CPU
		{F4D5A72F-59AE-431B-A93D-76AC0804E02F}.Debug|ARM.ActiveCfg = Debug|Any CPU
		{F4D5A72F-59AE-431B-A93D-76AC0804E02F}.Debug|iPhone.ActiveCfg = Debug|Any CPU
		{F4D5A72F-59AE-431B-A93D-76AC0804E02F}.Debug|iPhoneSimulator.ActiveCfg = Debug|Any CPU
		{F4D5A72F-59AE-431B-A93D-76AC0804E02F}.Debug|iPhoneSimulator.Build.0 = Debug|Any CPU
		{F4D5A72F-59AE-431B-A93D-76AC0804E02F}.Debug|Mixed Platforms.ActiveCfg = Debug|Any CPU
		{F4D5A72F-59AE-431B-A93D-76AC0804E02F}.Debug|Mixed Platforms.Build.0 = Debug|Any CPU
		{F4D5A72F-59AE-431B-A93D-76AC0804E02F}.Debug|x64.ActiveCfg = Debug|Any CPU
		{F4D5A72F-59AE-431B-A93D-76AC0804E02F}.Debug|x86.ActiveCfg = Debug|Any CPU
		{F4D5A72F-59AE-431B-A93D-76AC0804E02F}.Release|Any CPU.ActiveCfg = Release|Any CPU
		{F4D5A72F-59AE-431B-A93D-76AC0804E02F}.Release|Any CPU.Build.0 = Release|Any CPU
		{F4D5A72F-59AE-431B-A93D-76AC0804E02F}.Release|ARM.ActiveCfg = Release|Any CPU
		{F4D5A72F-59AE-431B-A93D-76AC0804E02F}.Release|iPhone.ActiveCfg = Release|Any CPU
		{F4D5A72F-59AE-431B-A93D-76AC0804E02F}.Release|iPhoneSimulator.ActiveCfg = Release|Any CPU
		{F4D5A72F-59AE-431B-A93D-76AC0804E02F}.Release|Mixed Platforms.ActiveCfg = Release|Any CPU
		{F4D5A72F-59AE-431B-A93D-76AC0804E02F}.Release|Mixed Platforms.Build.0 = Release|Any CPU
		{F4D5A72F-59AE-431B-A93D-76AC0804E02F}.Release|x64.ActiveCfg = Release|Any CPU
		{F4D5A72F-59AE-431B-A93D-76AC0804E02F}.Release|x86.ActiveCfg = Release|Any CPU
		{14ED651B-34BD-45C6-9EC6-3331BE053B9B}.Ad-Hoc|Any CPU.ActiveCfg = Release|Any CPU
		{14ED651B-34BD-45C6-9EC6-3331BE053B9B}.Ad-Hoc|Any CPU.Build.0 = Release|Any CPU
		{14ED651B-34BD-45C6-9EC6-3331BE053B9B}.Ad-Hoc|Any CPU.Deploy.0 = Release|Any CPU
		{14ED651B-34BD-45C6-9EC6-3331BE053B9B}.Ad-Hoc|ARM.ActiveCfg = Release|Any CPU
		{14ED651B-34BD-45C6-9EC6-3331BE053B9B}.Ad-Hoc|iPhone.ActiveCfg = Release|Any CPU
		{14ED651B-34BD-45C6-9EC6-3331BE053B9B}.Ad-Hoc|iPhoneSimulator.ActiveCfg = Release|Any CPU
		{14ED651B-34BD-45C6-9EC6-3331BE053B9B}.Ad-Hoc|Mixed Platforms.ActiveCfg = Release|Any CPU
		{14ED651B-34BD-45C6-9EC6-3331BE053B9B}.Ad-Hoc|Mixed Platforms.Build.0 = Release|Any CPU
		{14ED651B-34BD-45C6-9EC6-3331BE053B9B}.Ad-Hoc|Mixed Platforms.Deploy.0 = Release|Any CPU
		{14ED651B-34BD-45C6-9EC6-3331BE053B9B}.Ad-Hoc|x64.ActiveCfg = Release|Any CPU
		{14ED651B-34BD-45C6-9EC6-3331BE053B9B}.Ad-Hoc|x86.ActiveCfg = Release|Any CPU
		{14ED651B-34BD-45C6-9EC6-3331BE053B9B}.AppStore|Any CPU.ActiveCfg = Release|Any CPU
		{14ED651B-34BD-45C6-9EC6-3331BE053B9B}.AppStore|Any CPU.Build.0 = Release|Any CPU
		{14ED651B-34BD-45C6-9EC6-3331BE053B9B}.AppStore|Any CPU.Deploy.0 = Release|Any CPU
		{14ED651B-34BD-45C6-9EC6-3331BE053B9B}.AppStore|ARM.ActiveCfg = Release|Any CPU
		{14ED651B-34BD-45C6-9EC6-3331BE053B9B}.AppStore|iPhone.ActiveCfg = Release|Any CPU
		{14ED651B-34BD-45C6-9EC6-3331BE053B9B}.AppStore|iPhoneSimulator.ActiveCfg = Release|Any CPU
		{14ED651B-34BD-45C6-9EC6-3331BE053B9B}.AppStore|Mixed Platforms.ActiveCfg = Release|Any CPU
		{14ED651B-34BD-45C6-9EC6-3331BE053B9B}.AppStore|Mixed Platforms.Build.0 = Release|Any CPU
		{14ED651B-34BD-45C6-9EC6-3331BE053B9B}.AppStore|Mixed Platforms.Deploy.0 = Release|Any CPU
		{14ED651B-34BD-45C6-9EC6-3331BE053B9B}.AppStore|x64.ActiveCfg = Release|Any CPU
		{14ED651B-34BD-45C6-9EC6-3331BE053B9B}.AppStore|x86.ActiveCfg = Release|Any CPU
		{14ED651B-34BD-45C6-9EC6-3331BE053B9B}.Debug|Any CPU.ActiveCfg = Debug|Any CPU
		{14ED651B-34BD-45C6-9EC6-3331BE053B9B}.Debug|Any CPU.Build.0 = Debug|Any CPU
		{14ED651B-34BD-45C6-9EC6-3331BE053B9B}.Debug|Any CPU.Deploy.0 = Debug|Any CPU
		{14ED651B-34BD-45C6-9EC6-3331BE053B9B}.Debug|ARM.ActiveCfg = Debug|Any CPU
		{14ED651B-34BD-45C6-9EC6-3331BE053B9B}.Debug|iPhone.ActiveCfg = Debug|Any CPU
		{14ED651B-34BD-45C6-9EC6-3331BE053B9B}.Debug|iPhoneSimulator.ActiveCfg = Debug|Any CPU
		{14ED651B-34BD-45C6-9EC6-3331BE053B9B}.Debug|iPhoneSimulator.Build.0 = Debug|Any CPU
		{14ED651B-34BD-45C6-9EC6-3331BE053B9B}.Debug|Mixed Platforms.ActiveCfg = Debug|Any CPU
		{14ED651B-34BD-45C6-9EC6-3331BE053B9B}.Debug|Mixed Platforms.Build.0 = Debug|Any CPU
		{14ED651B-34BD-45C6-9EC6-3331BE053B9B}.Debug|Mixed Platforms.Deploy.0 = Debug|Any CPU
		{14ED651B-34BD-45C6-9EC6-3331BE053B9B}.Debug|x64.ActiveCfg = Debug|Any CPU
		{14ED651B-34BD-45C6-9EC6-3331BE053B9B}.Debug|x86.ActiveCfg = Debug|Any CPU
		{14ED651B-34BD-45C6-9EC6-3331BE053B9B}.Release|Any CPU.ActiveCfg = Release|Any CPU
		{14ED651B-34BD-45C6-9EC6-3331BE053B9B}.Release|Any CPU.Build.0 = Release|Any CPU
		{14ED651B-34BD-45C6-9EC6-3331BE053B9B}.Release|Any CPU.Deploy.0 = Release|Any CPU
		{14ED651B-34BD-45C6-9EC6-3331BE053B9B}.Release|ARM.ActiveCfg = Release|Any CPU
		{14ED651B-34BD-45C6-9EC6-3331BE053B9B}.Release|iPhone.ActiveCfg = Release|Any CPU
		{14ED651B-34BD-45C6-9EC6-3331BE053B9B}.Release|iPhoneSimulator.ActiveCfg = Release|Any CPU
		{14ED651B-34BD-45C6-9EC6-3331BE053B9B}.Release|Mixed Platforms.ActiveCfg = Release|Any CPU
		{14ED651B-34BD-45C6-9EC6-3331BE053B9B}.Release|Mixed Platforms.Build.0 = Release|Any CPU
		{14ED651B-34BD-45C6-9EC6-3331BE053B9B}.Release|Mixed Platforms.Deploy.0 = Release|Any CPU
		{14ED651B-34BD-45C6-9EC6-3331BE053B9B}.Release|x64.ActiveCfg = Release|Any CPU
		{14ED651B-34BD-45C6-9EC6-3331BE053B9B}.Release|x86.ActiveCfg = Release|Any CPU
		{8A6433D4-F559-494B-8561-C0AA12955A6E}.Ad-Hoc|Any CPU.ActiveCfg = Release|Any CPU
		{8A6433D4-F559-494B-8561-C0AA12955A6E}.Ad-Hoc|Any CPU.Build.0 = Release|Any CPU
		{8A6433D4-F559-494B-8561-C0AA12955A6E}.Ad-Hoc|Any CPU.Deploy.0 = Release|Any CPU
		{8A6433D4-F559-494B-8561-C0AA12955A6E}.Ad-Hoc|ARM.ActiveCfg = Release|ARM
		{8A6433D4-F559-494B-8561-C0AA12955A6E}.Ad-Hoc|ARM.Build.0 = Release|ARM
		{8A6433D4-F559-494B-8561-C0AA12955A6E}.Ad-Hoc|ARM.Deploy.0 = Release|ARM
		{8A6433D4-F559-494B-8561-C0AA12955A6E}.Ad-Hoc|iPhone.ActiveCfg = Release|Any CPU
		{8A6433D4-F559-494B-8561-C0AA12955A6E}.Ad-Hoc|iPhoneSimulator.ActiveCfg = Release|Any CPU
		{8A6433D4-F559-494B-8561-C0AA12955A6E}.Ad-Hoc|Mixed Platforms.ActiveCfg = Release|x86
		{8A6433D4-F559-494B-8561-C0AA12955A6E}.Ad-Hoc|Mixed Platforms.Build.0 = Release|x86
		{8A6433D4-F559-494B-8561-C0AA12955A6E}.Ad-Hoc|Mixed Platforms.Deploy.0 = Release|x86
		{8A6433D4-F559-494B-8561-C0AA12955A6E}.Ad-Hoc|x64.ActiveCfg = Release|x64
		{8A6433D4-F559-494B-8561-C0AA12955A6E}.Ad-Hoc|x64.Build.0 = Release|x64
		{8A6433D4-F559-494B-8561-C0AA12955A6E}.Ad-Hoc|x64.Deploy.0 = Release|x64
		{8A6433D4-F559-494B-8561-C0AA12955A6E}.Ad-Hoc|x86.ActiveCfg = Release|x86
		{8A6433D4-F559-494B-8561-C0AA12955A6E}.Ad-Hoc|x86.Build.0 = Release|x86
		{8A6433D4-F559-494B-8561-C0AA12955A6E}.Ad-Hoc|x86.Deploy.0 = Release|x86
		{8A6433D4-F559-494B-8561-C0AA12955A6E}.AppStore|Any CPU.ActiveCfg = Release|Any CPU
		{8A6433D4-F559-494B-8561-C0AA12955A6E}.AppStore|Any CPU.Build.0 = Release|Any CPU
		{8A6433D4-F559-494B-8561-C0AA12955A6E}.AppStore|Any CPU.Deploy.0 = Release|Any CPU
		{8A6433D4-F559-494B-8561-C0AA12955A6E}.AppStore|ARM.ActiveCfg = Release|ARM
		{8A6433D4-F559-494B-8561-C0AA12955A6E}.AppStore|ARM.Build.0 = Release|ARM
		{8A6433D4-F559-494B-8561-C0AA12955A6E}.AppStore|ARM.Deploy.0 = Release|ARM
		{8A6433D4-F559-494B-8561-C0AA12955A6E}.AppStore|iPhone.ActiveCfg = Release|Any CPU
		{8A6433D4-F559-494B-8561-C0AA12955A6E}.AppStore|iPhoneSimulator.ActiveCfg = Release|Any CPU
		{8A6433D4-F559-494B-8561-C0AA12955A6E}.AppStore|Mixed Platforms.ActiveCfg = Release|x86
		{8A6433D4-F559-494B-8561-C0AA12955A6E}.AppStore|Mixed Platforms.Build.0 = Release|x86
		{8A6433D4-F559-494B-8561-C0AA12955A6E}.AppStore|Mixed Platforms.Deploy.0 = Release|x86
		{8A6433D4-F559-494B-8561-C0AA12955A6E}.AppStore|x64.ActiveCfg = Release|x64
		{8A6433D4-F559-494B-8561-C0AA12955A6E}.AppStore|x64.Build.0 = Release|x64
		{8A6433D4-F559-494B-8561-C0AA12955A6E}.AppStore|x64.Deploy.0 = Release|x64
		{8A6433D4-F559-494B-8561-C0AA12955A6E}.AppStore|x86.ActiveCfg = Release|x86
		{8A6433D4-F559-494B-8561-C0AA12955A6E}.AppStore|x86.Build.0 = Release|x86
		{8A6433D4-F559-494B-8561-C0AA12955A6E}.AppStore|x86.Deploy.0 = Release|x86
		{8A6433D4-F559-494B-8561-C0AA12955A6E}.Debug|Any CPU.ActiveCfg = Debug|Any CPU
		{8A6433D4-F559-494B-8561-C0AA12955A6E}.Debug|Any CPU.Build.0 = Debug|Any CPU
		{8A6433D4-F559-494B-8561-C0AA12955A6E}.Debug|Any CPU.Deploy.0 = Debug|Any CPU
		{8A6433D4-F559-494B-8561-C0AA12955A6E}.Debug|ARM.ActiveCfg = Debug|ARM
		{8A6433D4-F559-494B-8561-C0AA12955A6E}.Debug|ARM.Build.0 = Debug|ARM
		{8A6433D4-F559-494B-8561-C0AA12955A6E}.Debug|ARM.Deploy.0 = Debug|ARM
		{8A6433D4-F559-494B-8561-C0AA12955A6E}.Debug|iPhone.ActiveCfg = Debug|Any CPU
		{8A6433D4-F559-494B-8561-C0AA12955A6E}.Debug|iPhoneSimulator.ActiveCfg = Debug|Any CPU
		{8A6433D4-F559-494B-8561-C0AA12955A6E}.Debug|iPhoneSimulator.Build.0 = Debug|Any CPU
		{8A6433D4-F559-494B-8561-C0AA12955A6E}.Debug|Mixed Platforms.ActiveCfg = Debug|x86
		{8A6433D4-F559-494B-8561-C0AA12955A6E}.Debug|Mixed Platforms.Build.0 = Debug|x86
		{8A6433D4-F559-494B-8561-C0AA12955A6E}.Debug|Mixed Platforms.Deploy.0 = Debug|x86
		{8A6433D4-F559-494B-8561-C0AA12955A6E}.Debug|x64.ActiveCfg = Debug|x64
		{8A6433D4-F559-494B-8561-C0AA12955A6E}.Debug|x64.Build.0 = Debug|x64
		{8A6433D4-F559-494B-8561-C0AA12955A6E}.Debug|x64.Deploy.0 = Debug|x64
		{8A6433D4-F559-494B-8561-C0AA12955A6E}.Debug|x86.ActiveCfg = Debug|x86
		{8A6433D4-F559-494B-8561-C0AA12955A6E}.Debug|x86.Build.0 = Debug|x86
		{8A6433D4-F559-494B-8561-C0AA12955A6E}.Debug|x86.Deploy.0 = Debug|x86
		{8A6433D4-F559-494B-8561-C0AA12955A6E}.Release|Any CPU.ActiveCfg = Release|Any CPU
		{8A6433D4-F559-494B-8561-C0AA12955A6E}.Release|Any CPU.Build.0 = Release|Any CPU
		{8A6433D4-F559-494B-8561-C0AA12955A6E}.Release|Any CPU.Deploy.0 = Release|Any CPU
		{8A6433D4-F559-494B-8561-C0AA12955A6E}.Release|ARM.ActiveCfg = Release|ARM
		{8A6433D4-F559-494B-8561-C0AA12955A6E}.Release|ARM.Build.0 = Release|ARM
		{8A6433D4-F559-494B-8561-C0AA12955A6E}.Release|ARM.Deploy.0 = Release|ARM
		{8A6433D4-F559-494B-8561-C0AA12955A6E}.Release|iPhone.ActiveCfg = Release|Any CPU
		{8A6433D4-F559-494B-8561-C0AA12955A6E}.Release|iPhoneSimulator.ActiveCfg = Release|Any CPU
		{8A6433D4-F559-494B-8561-C0AA12955A6E}.Release|Mixed Platforms.ActiveCfg = Release|x86
		{8A6433D4-F559-494B-8561-C0AA12955A6E}.Release|Mixed Platforms.Build.0 = Release|x86
		{8A6433D4-F559-494B-8561-C0AA12955A6E}.Release|Mixed Platforms.Deploy.0 = Release|x86
		{8A6433D4-F559-494B-8561-C0AA12955A6E}.Release|x64.ActiveCfg = Release|x64
		{8A6433D4-F559-494B-8561-C0AA12955A6E}.Release|x64.Build.0 = Release|x64
		{8A6433D4-F559-494B-8561-C0AA12955A6E}.Release|x64.Deploy.0 = Release|x64
		{8A6433D4-F559-494B-8561-C0AA12955A6E}.Release|x86.ActiveCfg = Release|x86
		{8A6433D4-F559-494B-8561-C0AA12955A6E}.Release|x86.Build.0 = Release|x86
		{8A6433D4-F559-494B-8561-C0AA12955A6E}.Release|x86.Deploy.0 = Release|x86
		{151D57E4-07CE-4E28-82E2-398F688A509E}.Ad-Hoc|Any CPU.ActiveCfg = Release|Any CPU
		{151D57E4-07CE-4E28-82E2-398F688A509E}.Ad-Hoc|Any CPU.Build.0 = Release|Any CPU
		{151D57E4-07CE-4E28-82E2-398F688A509E}.Ad-Hoc|Any CPU.Deploy.0 = Release|Any CPU
		{151D57E4-07CE-4E28-82E2-398F688A509E}.Ad-Hoc|ARM.ActiveCfg = Release|ARM
		{151D57E4-07CE-4E28-82E2-398F688A509E}.Ad-Hoc|ARM.Build.0 = Release|ARM
		{151D57E4-07CE-4E28-82E2-398F688A509E}.Ad-Hoc|ARM.Deploy.0 = Release|ARM
		{151D57E4-07CE-4E28-82E2-398F688A509E}.Ad-Hoc|iPhone.ActiveCfg = Release|Any CPU
		{151D57E4-07CE-4E28-82E2-398F688A509E}.Ad-Hoc|iPhoneSimulator.ActiveCfg = Release|Any CPU
		{151D57E4-07CE-4E28-82E2-398F688A509E}.Ad-Hoc|Mixed Platforms.ActiveCfg = Release|x86
		{151D57E4-07CE-4E28-82E2-398F688A509E}.Ad-Hoc|Mixed Platforms.Build.0 = Release|x86
		{151D57E4-07CE-4E28-82E2-398F688A509E}.Ad-Hoc|Mixed Platforms.Deploy.0 = Release|x86
		{151D57E4-07CE-4E28-82E2-398F688A509E}.Ad-Hoc|x64.ActiveCfg = Release|Any CPU
		{151D57E4-07CE-4E28-82E2-398F688A509E}.Ad-Hoc|x86.ActiveCfg = Release|x86
		{151D57E4-07CE-4E28-82E2-398F688A509E}.Ad-Hoc|x86.Build.0 = Release|x86
		{151D57E4-07CE-4E28-82E2-398F688A509E}.Ad-Hoc|x86.Deploy.0 = Release|x86
		{151D57E4-07CE-4E28-82E2-398F688A509E}.AppStore|Any CPU.ActiveCfg = Release|Any CPU
		{151D57E4-07CE-4E28-82E2-398F688A509E}.AppStore|Any CPU.Build.0 = Release|Any CPU
		{151D57E4-07CE-4E28-82E2-398F688A509E}.AppStore|Any CPU.Deploy.0 = Release|Any CPU
		{151D57E4-07CE-4E28-82E2-398F688A509E}.AppStore|ARM.ActiveCfg = Release|ARM
		{151D57E4-07CE-4E28-82E2-398F688A509E}.AppStore|ARM.Build.0 = Release|ARM
		{151D57E4-07CE-4E28-82E2-398F688A509E}.AppStore|ARM.Deploy.0 = Release|ARM
		{151D57E4-07CE-4E28-82E2-398F688A509E}.AppStore|iPhone.ActiveCfg = Release|Any CPU
		{151D57E4-07CE-4E28-82E2-398F688A509E}.AppStore|iPhoneSimulator.ActiveCfg = Release|Any CPU
		{151D57E4-07CE-4E28-82E2-398F688A509E}.AppStore|Mixed Platforms.ActiveCfg = Release|x86
		{151D57E4-07CE-4E28-82E2-398F688A509E}.AppStore|Mixed Platforms.Build.0 = Release|x86
		{151D57E4-07CE-4E28-82E2-398F688A509E}.AppStore|Mixed Platforms.Deploy.0 = Release|x86
		{151D57E4-07CE-4E28-82E2-398F688A509E}.AppStore|x64.ActiveCfg = Release|Any CPU
		{151D57E4-07CE-4E28-82E2-398F688A509E}.AppStore|x86.ActiveCfg = Release|x86
		{151D57E4-07CE-4E28-82E2-398F688A509E}.AppStore|x86.Build.0 = Release|x86
		{151D57E4-07CE-4E28-82E2-398F688A509E}.AppStore|x86.Deploy.0 = Release|x86
		{151D57E4-07CE-4E28-82E2-398F688A509E}.Debug|Any CPU.ActiveCfg = Debug|Any CPU
		{151D57E4-07CE-4E28-82E2-398F688A509E}.Debug|Any CPU.Build.0 = Debug|Any CPU
		{151D57E4-07CE-4E28-82E2-398F688A509E}.Debug|Any CPU.Deploy.0 = Debug|Any CPU
		{151D57E4-07CE-4E28-82E2-398F688A509E}.Debug|ARM.ActiveCfg = Debug|ARM
		{151D57E4-07CE-4E28-82E2-398F688A509E}.Debug|ARM.Build.0 = Debug|ARM
		{151D57E4-07CE-4E28-82E2-398F688A509E}.Debug|ARM.Deploy.0 = Debug|ARM
		{151D57E4-07CE-4E28-82E2-398F688A509E}.Debug|iPhone.ActiveCfg = Debug|Any CPU
		{151D57E4-07CE-4E28-82E2-398F688A509E}.Debug|iPhoneSimulator.ActiveCfg = Debug|Any CPU
		{151D57E4-07CE-4E28-82E2-398F688A509E}.Debug|iPhoneSimulator.Build.0 = Debug|Any CPU
		{151D57E4-07CE-4E28-82E2-398F688A509E}.Debug|Mixed Platforms.ActiveCfg = Debug|x86
		{151D57E4-07CE-4E28-82E2-398F688A509E}.Debug|Mixed Platforms.Build.0 = Debug|x86
		{151D57E4-07CE-4E28-82E2-398F688A509E}.Debug|Mixed Platforms.Deploy.0 = Debug|x86
		{151D57E4-07CE-4E28-82E2-398F688A509E}.Debug|x64.ActiveCfg = Debug|Any CPU
		{151D57E4-07CE-4E28-82E2-398F688A509E}.Debug|x86.ActiveCfg = Debug|x86
		{151D57E4-07CE-4E28-82E2-398F688A509E}.Debug|x86.Build.0 = Debug|x86
		{151D57E4-07CE-4E28-82E2-398F688A509E}.Debug|x86.Deploy.0 = Debug|x86
		{151D57E4-07CE-4E28-82E2-398F688A509E}.Release|Any CPU.ActiveCfg = Release|Any CPU
		{151D57E4-07CE-4E28-82E2-398F688A509E}.Release|Any CPU.Build.0 = Release|Any CPU
		{151D57E4-07CE-4E28-82E2-398F688A509E}.Release|Any CPU.Deploy.0 = Release|Any CPU
		{151D57E4-07CE-4E28-82E2-398F688A509E}.Release|ARM.ActiveCfg = Release|ARM
		{151D57E4-07CE-4E28-82E2-398F688A509E}.Release|ARM.Build.0 = Release|ARM
		{151D57E4-07CE-4E28-82E2-398F688A509E}.Release|ARM.Deploy.0 = Release|ARM
		{151D57E4-07CE-4E28-82E2-398F688A509E}.Release|iPhone.ActiveCfg = Release|Any CPU
		{151D57E4-07CE-4E28-82E2-398F688A509E}.Release|iPhoneSimulator.ActiveCfg = Release|Any CPU
		{151D57E4-07CE-4E28-82E2-398F688A509E}.Release|Mixed Platforms.ActiveCfg = Release|x86
		{151D57E4-07CE-4E28-82E2-398F688A509E}.Release|Mixed Platforms.Build.0 = Release|x86
		{151D57E4-07CE-4E28-82E2-398F688A509E}.Release|Mixed Platforms.Deploy.0 = Release|x86
		{151D57E4-07CE-4E28-82E2-398F688A509E}.Release|x64.ActiveCfg = Release|Any CPU
		{151D57E4-07CE-4E28-82E2-398F688A509E}.Release|x86.ActiveCfg = Release|x86
		{151D57E4-07CE-4E28-82E2-398F688A509E}.Release|x86.Build.0 = Release|x86
		{151D57E4-07CE-4E28-82E2-398F688A509E}.Release|x86.Deploy.0 = Release|x86
		{784F56DE-203F-4E61-BA07-CA678160E04F}.Ad-Hoc|Any CPU.ActiveCfg = Ad-Hoc|iPhone
		{784F56DE-203F-4E61-BA07-CA678160E04F}.Ad-Hoc|ARM.ActiveCfg = Ad-Hoc|iPhone
		{784F56DE-203F-4E61-BA07-CA678160E04F}.Ad-Hoc|iPhone.ActiveCfg = Ad-Hoc|iPhone
		{784F56DE-203F-4E61-BA07-CA678160E04F}.Ad-Hoc|iPhone.Build.0 = Ad-Hoc|iPhone
		{784F56DE-203F-4E61-BA07-CA678160E04F}.Ad-Hoc|iPhone.Deploy.0 = Ad-Hoc|iPhone
		{784F56DE-203F-4E61-BA07-CA678160E04F}.Ad-Hoc|iPhoneSimulator.ActiveCfg = Ad-Hoc|iPhoneSimulator
		{784F56DE-203F-4E61-BA07-CA678160E04F}.Ad-Hoc|iPhoneSimulator.Build.0 = Ad-Hoc|iPhoneSimulator
		{784F56DE-203F-4E61-BA07-CA678160E04F}.Ad-Hoc|iPhoneSimulator.Deploy.0 = Ad-Hoc|iPhoneSimulator
		{784F56DE-203F-4E61-BA07-CA678160E04F}.Ad-Hoc|Mixed Platforms.ActiveCfg = Ad-Hoc|iPhone
		{784F56DE-203F-4E61-BA07-CA678160E04F}.Ad-Hoc|Mixed Platforms.Build.0 = Ad-Hoc|iPhone
		{784F56DE-203F-4E61-BA07-CA678160E04F}.Ad-Hoc|Mixed Platforms.Deploy.0 = Ad-Hoc|iPhone
		{784F56DE-203F-4E61-BA07-CA678160E04F}.Ad-Hoc|x64.ActiveCfg = Ad-Hoc|iPhone
		{784F56DE-203F-4E61-BA07-CA678160E04F}.Ad-Hoc|x86.ActiveCfg = Ad-Hoc|iPhone
		{784F56DE-203F-4E61-BA07-CA678160E04F}.AppStore|Any CPU.ActiveCfg = AppStore|iPhone
		{784F56DE-203F-4E61-BA07-CA678160E04F}.AppStore|ARM.ActiveCfg = AppStore|iPhone
		{784F56DE-203F-4E61-BA07-CA678160E04F}.AppStore|iPhone.ActiveCfg = AppStore|iPhone
		{784F56DE-203F-4E61-BA07-CA678160E04F}.AppStore|iPhone.Build.0 = AppStore|iPhone
		{784F56DE-203F-4E61-BA07-CA678160E04F}.AppStore|iPhone.Deploy.0 = AppStore|iPhone
		{784F56DE-203F-4E61-BA07-CA678160E04F}.AppStore|iPhoneSimulator.ActiveCfg = AppStore|iPhoneSimulator
		{784F56DE-203F-4E61-BA07-CA678160E04F}.AppStore|iPhoneSimulator.Build.0 = AppStore|iPhoneSimulator
		{784F56DE-203F-4E61-BA07-CA678160E04F}.AppStore|iPhoneSimulator.Deploy.0 = AppStore|iPhoneSimulator
		{784F56DE-203F-4E61-BA07-CA678160E04F}.AppStore|Mixed Platforms.ActiveCfg = AppStore|iPhone
		{784F56DE-203F-4E61-BA07-CA678160E04F}.AppStore|Mixed Platforms.Build.0 = AppStore|iPhone
		{784F56DE-203F-4E61-BA07-CA678160E04F}.AppStore|Mixed Platforms.Deploy.0 = AppStore|iPhone
		{784F56DE-203F-4E61-BA07-CA678160E04F}.AppStore|x64.ActiveCfg = AppStore|iPhone
		{784F56DE-203F-4E61-BA07-CA678160E04F}.AppStore|x86.ActiveCfg = AppStore|iPhone
		{784F56DE-203F-4E61-BA07-CA678160E04F}.Debug|Any CPU.ActiveCfg = Debug|iPhone
		{784F56DE-203F-4E61-BA07-CA678160E04F}.Debug|ARM.ActiveCfg = Debug|iPhone
		{784F56DE-203F-4E61-BA07-CA678160E04F}.Debug|iPhone.ActiveCfg = Debug|iPhone
		{784F56DE-203F-4E61-BA07-CA678160E04F}.Debug|iPhone.Build.0 = Debug|iPhone
		{784F56DE-203F-4E61-BA07-CA678160E04F}.Debug|iPhone.Deploy.0 = Debug|iPhone
		{784F56DE-203F-4E61-BA07-CA678160E04F}.Debug|iPhoneSimulator.ActiveCfg = Debug|iPhoneSimulator
		{784F56DE-203F-4E61-BA07-CA678160E04F}.Debug|iPhoneSimulator.Build.0 = Debug|iPhoneSimulator
		{784F56DE-203F-4E61-BA07-CA678160E04F}.Debug|iPhoneSimulator.Deploy.0 = Debug|iPhoneSimulator
		{784F56DE-203F-4E61-BA07-CA678160E04F}.Debug|Mixed Platforms.ActiveCfg = Debug|iPhone
		{784F56DE-203F-4E61-BA07-CA678160E04F}.Debug|Mixed Platforms.Build.0 = Debug|iPhone
		{784F56DE-203F-4E61-BA07-CA678160E04F}.Debug|Mixed Platforms.Deploy.0 = Debug|iPhone
		{784F56DE-203F-4E61-BA07-CA678160E04F}.Debug|x64.ActiveCfg = Debug|iPhone
		{784F56DE-203F-4E61-BA07-CA678160E04F}.Debug|x86.ActiveCfg = Debug|iPhone
		{784F56DE-203F-4E61-BA07-CA678160E04F}.Release|Any CPU.ActiveCfg = Release|iPhone
		{784F56DE-203F-4E61-BA07-CA678160E04F}.Release|ARM.ActiveCfg = Release|iPhone
		{784F56DE-203F-4E61-BA07-CA678160E04F}.Release|iPhone.ActiveCfg = Release|iPhone
		{784F56DE-203F-4E61-BA07-CA678160E04F}.Release|iPhone.Build.0 = Release|iPhone
		{784F56DE-203F-4E61-BA07-CA678160E04F}.Release|iPhone.Deploy.0 = Release|iPhone
		{784F56DE-203F-4E61-BA07-CA678160E04F}.Release|iPhoneSimulator.ActiveCfg = Release|iPhoneSimulator
		{784F56DE-203F-4E61-BA07-CA678160E04F}.Release|iPhoneSimulator.Build.0 = Release|iPhoneSimulator
		{784F56DE-203F-4E61-BA07-CA678160E04F}.Release|iPhoneSimulator.Deploy.0 = Release|iPhoneSimulator
		{784F56DE-203F-4E61-BA07-CA678160E04F}.Release|Mixed Platforms.ActiveCfg = Release|iPhone
		{784F56DE-203F-4E61-BA07-CA678160E04F}.Release|Mixed Platforms.Build.0 = Release|iPhone
		{784F56DE-203F-4E61-BA07-CA678160E04F}.Release|Mixed Platforms.Deploy.0 = Release|iPhone
		{784F56DE-203F-4E61-BA07-CA678160E04F}.Release|x64.ActiveCfg = Release|iPhone
		{784F56DE-203F-4E61-BA07-CA678160E04F}.Release|x86.ActiveCfg = Release|iPhone
		{73E69160-5F2F-4848-82D1-517E0CE5F228}.Ad-Hoc|Any CPU.ActiveCfg = Release|Any CPU
		{73E69160-5F2F-4848-82D1-517E0CE5F228}.Ad-Hoc|Any CPU.Build.0 = Release|Any CPU
		{73E69160-5F2F-4848-82D1-517E0CE5F228}.Ad-Hoc|ARM.ActiveCfg = Release|Any CPU
		{73E69160-5F2F-4848-82D1-517E0CE5F228}.Ad-Hoc|iPhone.ActiveCfg = Release|Any CPU
		{73E69160-5F2F-4848-82D1-517E0CE5F228}.Ad-Hoc|iPhoneSimulator.ActiveCfg = Release|Any CPU
		{73E69160-5F2F-4848-82D1-517E0CE5F228}.Ad-Hoc|Mixed Platforms.ActiveCfg = Release|Any CPU
		{73E69160-5F2F-4848-82D1-517E0CE5F228}.Ad-Hoc|Mixed Platforms.Build.0 = Release|Any CPU
		{73E69160-5F2F-4848-82D1-517E0CE5F228}.Ad-Hoc|x64.ActiveCfg = Release|Any CPU
		{73E69160-5F2F-4848-82D1-517E0CE5F228}.Ad-Hoc|x86.ActiveCfg = Release|Any CPU
		{73E69160-5F2F-4848-82D1-517E0CE5F228}.AppStore|Any CPU.ActiveCfg = Release|Any CPU
		{73E69160-5F2F-4848-82D1-517E0CE5F228}.AppStore|Any CPU.Build.0 = Release|Any CPU
		{73E69160-5F2F-4848-82D1-517E0CE5F228}.AppStore|ARM.ActiveCfg = Release|Any CPU
		{73E69160-5F2F-4848-82D1-517E0CE5F228}.AppStore|iPhone.ActiveCfg = Release|Any CPU
		{73E69160-5F2F-4848-82D1-517E0CE5F228}.AppStore|iPhoneSimulator.ActiveCfg = Release|Any CPU
		{73E69160-5F2F-4848-82D1-517E0CE5F228}.AppStore|Mixed Platforms.ActiveCfg = Release|Any CPU
		{73E69160-5F2F-4848-82D1-517E0CE5F228}.AppStore|Mixed Platforms.Build.0 = Release|Any CPU
		{73E69160-5F2F-4848-82D1-517E0CE5F228}.AppStore|x64.ActiveCfg = Release|Any CPU
		{73E69160-5F2F-4848-82D1-517E0CE5F228}.AppStore|x86.ActiveCfg = Release|Any CPU
		{73E69160-5F2F-4848-82D1-517E0CE5F228}.Debug|Any CPU.ActiveCfg = Debug|Any CPU
		{73E69160-5F2F-4848-82D1-517E0CE5F228}.Debug|Any CPU.Build.0 = Debug|Any CPU
		{73E69160-5F2F-4848-82D1-517E0CE5F228}.Debug|ARM.ActiveCfg = Debug|Any CPU
		{73E69160-5F2F-4848-82D1-517E0CE5F228}.Debug|iPhone.ActiveCfg = Debug|Any CPU
		{73E69160-5F2F-4848-82D1-517E0CE5F228}.Debug|iPhoneSimulator.ActiveCfg = Debug|Any CPU
		{73E69160-5F2F-4848-82D1-517E0CE5F228}.Debug|iPhoneSimulator.Build.0 = Debug|Any CPU
		{73E69160-5F2F-4848-82D1-517E0CE5F228}.Debug|Mixed Platforms.ActiveCfg = Debug|Any CPU
		{73E69160-5F2F-4848-82D1-517E0CE5F228}.Debug|Mixed Platforms.Build.0 = Debug|Any CPU
		{73E69160-5F2F-4848-82D1-517E0CE5F228}.Debug|x64.ActiveCfg = Debug|Any CPU
		{73E69160-5F2F-4848-82D1-517E0CE5F228}.Debug|x86.ActiveCfg = Debug|Any CPU
		{73E69160-5F2F-4848-82D1-517E0CE5F228}.Release|Any CPU.ActiveCfg = Release|Any CPU
		{73E69160-5F2F-4848-82D1-517E0CE5F228}.Release|Any CPU.Build.0 = Release|Any CPU
		{73E69160-5F2F-4848-82D1-517E0CE5F228}.Release|ARM.ActiveCfg = Release|Any CPU
		{73E69160-5F2F-4848-82D1-517E0CE5F228}.Release|iPhone.ActiveCfg = Release|Any CPU
		{73E69160-5F2F-4848-82D1-517E0CE5F228}.Release|iPhoneSimulator.ActiveCfg = Release|Any CPU
		{73E69160-5F2F-4848-82D1-517E0CE5F228}.Release|Mixed Platforms.ActiveCfg = Release|Any CPU
		{73E69160-5F2F-4848-82D1-517E0CE5F228}.Release|Mixed Platforms.Build.0 = Release|Any CPU
		{73E69160-5F2F-4848-82D1-517E0CE5F228}.Release|x64.ActiveCfg = Release|Any CPU
		{73E69160-5F2F-4848-82D1-517E0CE5F228}.Release|x86.ActiveCfg = Release|Any CPU
		{F6F779C8-897E-4C46-B41D-281CAFA5911B}.Ad-Hoc|Any CPU.ActiveCfg = Release|Any CPU
		{F6F779C8-897E-4C46-B41D-281CAFA5911B}.Ad-Hoc|Any CPU.Build.0 = Release|Any CPU
		{F6F779C8-897E-4C46-B41D-281CAFA5911B}.Ad-Hoc|ARM.ActiveCfg = Release|Any CPU
		{F6F779C8-897E-4C46-B41D-281CAFA5911B}.Ad-Hoc|iPhone.ActiveCfg = Release|Any CPU
		{F6F779C8-897E-4C46-B41D-281CAFA5911B}.Ad-Hoc|iPhoneSimulator.ActiveCfg = Release|Any CPU
		{F6F779C8-897E-4C46-B41D-281CAFA5911B}.Ad-Hoc|Mixed Platforms.ActiveCfg = Release|Any CPU
		{F6F779C8-897E-4C46-B41D-281CAFA5911B}.Ad-Hoc|Mixed Platforms.Build.0 = Release|Any CPU
		{F6F779C8-897E-4C46-B41D-281CAFA5911B}.Ad-Hoc|x64.ActiveCfg = Release|Any CPU
		{F6F779C8-897E-4C46-B41D-281CAFA5911B}.Ad-Hoc|x86.ActiveCfg = Release|Any CPU
		{F6F779C8-897E-4C46-B41D-281CAFA5911B}.AppStore|Any CPU.ActiveCfg = Release|Any CPU
		{F6F779C8-897E-4C46-B41D-281CAFA5911B}.AppStore|Any CPU.Build.0 = Release|Any CPU
		{F6F779C8-897E-4C46-B41D-281CAFA5911B}.AppStore|ARM.ActiveCfg = Release|Any CPU
		{F6F779C8-897E-4C46-B41D-281CAFA5911B}.AppStore|iPhone.ActiveCfg = Release|Any CPU
		{F6F779C8-897E-4C46-B41D-281CAFA5911B}.AppStore|iPhoneSimulator.ActiveCfg = Release|Any CPU
		{F6F779C8-897E-4C46-B41D-281CAFA5911B}.AppStore|Mixed Platforms.ActiveCfg = Release|Any CPU
		{F6F779C8-897E-4C46-B41D-281CAFA5911B}.AppStore|Mixed Platforms.Build.0 = Release|Any CPU
		{F6F779C8-897E-4C46-B41D-281CAFA5911B}.AppStore|x64.ActiveCfg = Release|Any CPU
		{F6F779C8-897E-4C46-B41D-281CAFA5911B}.AppStore|x86.ActiveCfg = Release|Any CPU
		{F6F779C8-897E-4C46-B41D-281CAFA5911B}.Debug|Any CPU.ActiveCfg = Debug|Any CPU
		{F6F779C8-897E-4C46-B41D-281CAFA5911B}.Debug|Any CPU.Build.0 = Debug|Any CPU
		{F6F779C8-897E-4C46-B41D-281CAFA5911B}.Debug|ARM.ActiveCfg = Debug|Any CPU
		{F6F779C8-897E-4C46-B41D-281CAFA5911B}.Debug|iPhone.ActiveCfg = Debug|Any CPU
		{F6F779C8-897E-4C46-B41D-281CAFA5911B}.Debug|iPhoneSimulator.ActiveCfg = Debug|Any CPU
		{F6F779C8-897E-4C46-B41D-281CAFA5911B}.Debug|iPhoneSimulator.Build.0 = Debug|Any CPU
		{F6F779C8-897E-4C46-B41D-281CAFA5911B}.Debug|Mixed Platforms.ActiveCfg = Debug|Any CPU
		{F6F779C8-897E-4C46-B41D-281CAFA5911B}.Debug|Mixed Platforms.Build.0 = Debug|Any CPU
		{F6F779C8-897E-4C46-B41D-281CAFA5911B}.Debug|x64.ActiveCfg = Debug|Any CPU
		{F6F779C8-897E-4C46-B41D-281CAFA5911B}.Debug|x86.ActiveCfg = Debug|Any CPU
		{F6F779C8-897E-4C46-B41D-281CAFA5911B}.Release|Any CPU.ActiveCfg = Release|Any CPU
		{F6F779C8-897E-4C46-B41D-281CAFA5911B}.Release|Any CPU.Build.0 = Release|Any CPU
		{F6F779C8-897E-4C46-B41D-281CAFA5911B}.Release|ARM.ActiveCfg = Release|Any CPU
		{F6F779C8-897E-4C46-B41D-281CAFA5911B}.Release|iPhone.ActiveCfg = Release|Any CPU
		{F6F779C8-897E-4C46-B41D-281CAFA5911B}.Release|iPhoneSimulator.ActiveCfg = Release|Any CPU
		{F6F779C8-897E-4C46-B41D-281CAFA5911B}.Release|Mixed Platforms.ActiveCfg = Release|Any CPU
		{F6F779C8-897E-4C46-B41D-281CAFA5911B}.Release|Mixed Platforms.Build.0 = Release|Any CPU
		{F6F779C8-897E-4C46-B41D-281CAFA5911B}.Release|x64.ActiveCfg = Release|Any CPU
		{F6F779C8-897E-4C46-B41D-281CAFA5911B}.Release|x86.ActiveCfg = Release|Any CPU
		{E8D04781-4DF7-45AD-BE10-3408C44FA111}.Ad-Hoc|Any CPU.ActiveCfg = Release|Any CPU
		{E8D04781-4DF7-45AD-BE10-3408C44FA111}.Ad-Hoc|Any CPU.Build.0 = Release|Any CPU
		{E8D04781-4DF7-45AD-BE10-3408C44FA111}.Ad-Hoc|ARM.ActiveCfg = Release|Any CPU
		{E8D04781-4DF7-45AD-BE10-3408C44FA111}.Ad-Hoc|iPhone.ActiveCfg = Release|Any CPU
		{E8D04781-4DF7-45AD-BE10-3408C44FA111}.Ad-Hoc|iPhoneSimulator.ActiveCfg = Release|Any CPU
		{E8D04781-4DF7-45AD-BE10-3408C44FA111}.Ad-Hoc|Mixed Platforms.ActiveCfg = Release|Any CPU
		{E8D04781-4DF7-45AD-BE10-3408C44FA111}.Ad-Hoc|Mixed Platforms.Build.0 = Release|Any CPU
		{E8D04781-4DF7-45AD-BE10-3408C44FA111}.Ad-Hoc|x64.ActiveCfg = Release|Any CPU
		{E8D04781-4DF7-45AD-BE10-3408C44FA111}.Ad-Hoc|x86.ActiveCfg = Release|Any CPU
		{E8D04781-4DF7-45AD-BE10-3408C44FA111}.AppStore|Any CPU.ActiveCfg = Release|Any CPU
		{E8D04781-4DF7-45AD-BE10-3408C44FA111}.AppStore|Any CPU.Build.0 = Release|Any CPU
		{E8D04781-4DF7-45AD-BE10-3408C44FA111}.AppStore|ARM.ActiveCfg = Release|Any CPU
		{E8D04781-4DF7-45AD-BE10-3408C44FA111}.AppStore|iPhone.ActiveCfg = Release|Any CPU
		{E8D04781-4DF7-45AD-BE10-3408C44FA111}.AppStore|iPhoneSimulator.ActiveCfg = Release|Any CPU
		{E8D04781-4DF7-45AD-BE10-3408C44FA111}.AppStore|Mixed Platforms.ActiveCfg = Release|Any CPU
		{E8D04781-4DF7-45AD-BE10-3408C44FA111}.AppStore|Mixed Platforms.Build.0 = Release|Any CPU
		{E8D04781-4DF7-45AD-BE10-3408C44FA111}.AppStore|x64.ActiveCfg = Release|Any CPU
		{E8D04781-4DF7-45AD-BE10-3408C44FA111}.AppStore|x86.ActiveCfg = Release|Any CPU
		{E8D04781-4DF7-45AD-BE10-3408C44FA111}.Debug|Any CPU.ActiveCfg = Debug|Any CPU
		{E8D04781-4DF7-45AD-BE10-3408C44FA111}.Debug|Any CPU.Build.0 = Debug|Any CPU
		{E8D04781-4DF7-45AD-BE10-3408C44FA111}.Debug|ARM.ActiveCfg = Debug|Any CPU
		{E8D04781-4DF7-45AD-BE10-3408C44FA111}.Debug|iPhone.ActiveCfg = Debug|Any CPU
		{E8D04781-4DF7-45AD-BE10-3408C44FA111}.Debug|iPhoneSimulator.ActiveCfg = Debug|Any CPU
		{E8D04781-4DF7-45AD-BE10-3408C44FA111}.Debug|iPhoneSimulator.Build.0 = Debug|Any CPU
		{E8D04781-4DF7-45AD-BE10-3408C44FA111}.Debug|Mixed Platforms.ActiveCfg = Debug|Any CPU
		{E8D04781-4DF7-45AD-BE10-3408C44FA111}.Debug|Mixed Platforms.Build.0 = Debug|Any CPU
		{E8D04781-4DF7-45AD-BE10-3408C44FA111}.Debug|x64.ActiveCfg = Debug|Any CPU
		{E8D04781-4DF7-45AD-BE10-3408C44FA111}.Debug|x86.ActiveCfg = Debug|Any CPU
		{E8D04781-4DF7-45AD-BE10-3408C44FA111}.Release|Any CPU.ActiveCfg = Release|Any CPU
		{E8D04781-4DF7-45AD-BE10-3408C44FA111}.Release|Any CPU.Build.0 = Release|Any CPU
		{E8D04781-4DF7-45AD-BE10-3408C44FA111}.Release|ARM.ActiveCfg = Release|Any CPU
		{E8D04781-4DF7-45AD-BE10-3408C44FA111}.Release|iPhone.ActiveCfg = Release|Any CPU
		{E8D04781-4DF7-45AD-BE10-3408C44FA111}.Release|iPhoneSimulator.ActiveCfg = Release|Any CPU
		{E8D04781-4DF7-45AD-BE10-3408C44FA111}.Release|Mixed Platforms.ActiveCfg = Release|Any CPU
		{E8D04781-4DF7-45AD-BE10-3408C44FA111}.Release|Mixed Platforms.Build.0 = Release|Any CPU
		{E8D04781-4DF7-45AD-BE10-3408C44FA111}.Release|x64.ActiveCfg = Release|Any CPU
		{E8D04781-4DF7-45AD-BE10-3408C44FA111}.Release|x86.ActiveCfg = Release|Any CPU
		{7D86D924-7CE9-4801-8548-88AC1282BD8B}.Ad-Hoc|Any CPU.ActiveCfg = Release|Any CPU
		{7D86D924-7CE9-4801-8548-88AC1282BD8B}.Ad-Hoc|Any CPU.Build.0 = Release|Any CPU
		{7D86D924-7CE9-4801-8548-88AC1282BD8B}.Ad-Hoc|ARM.ActiveCfg = Release|Any CPU
		{7D86D924-7CE9-4801-8548-88AC1282BD8B}.Ad-Hoc|iPhone.ActiveCfg = Release|Any CPU
		{7D86D924-7CE9-4801-8548-88AC1282BD8B}.Ad-Hoc|iPhoneSimulator.ActiveCfg = Release|Any CPU
		{7D86D924-7CE9-4801-8548-88AC1282BD8B}.Ad-Hoc|Mixed Platforms.ActiveCfg = Release|Any CPU
		{7D86D924-7CE9-4801-8548-88AC1282BD8B}.Ad-Hoc|Mixed Platforms.Build.0 = Release|Any CPU
		{7D86D924-7CE9-4801-8548-88AC1282BD8B}.Ad-Hoc|x64.ActiveCfg = Release|Any CPU
		{7D86D924-7CE9-4801-8548-88AC1282BD8B}.Ad-Hoc|x86.ActiveCfg = Release|Any CPU
		{7D86D924-7CE9-4801-8548-88AC1282BD8B}.AppStore|Any CPU.ActiveCfg = Release|Any CPU
		{7D86D924-7CE9-4801-8548-88AC1282BD8B}.AppStore|Any CPU.Build.0 = Release|Any CPU
		{7D86D924-7CE9-4801-8548-88AC1282BD8B}.AppStore|ARM.ActiveCfg = Release|Any CPU
		{7D86D924-7CE9-4801-8548-88AC1282BD8B}.AppStore|iPhone.ActiveCfg = Release|Any CPU
		{7D86D924-7CE9-4801-8548-88AC1282BD8B}.AppStore|iPhoneSimulator.ActiveCfg = Release|Any CPU
		{7D86D924-7CE9-4801-8548-88AC1282BD8B}.AppStore|Mixed Platforms.ActiveCfg = Release|Any CPU
		{7D86D924-7CE9-4801-8548-88AC1282BD8B}.AppStore|Mixed Platforms.Build.0 = Release|Any CPU
		{7D86D924-7CE9-4801-8548-88AC1282BD8B}.AppStore|x64.ActiveCfg = Release|Any CPU
		{7D86D924-7CE9-4801-8548-88AC1282BD8B}.AppStore|x86.ActiveCfg = Release|Any CPU
		{7D86D924-7CE9-4801-8548-88AC1282BD8B}.Debug|Any CPU.ActiveCfg = Debug|Any CPU
		{7D86D924-7CE9-4801-8548-88AC1282BD8B}.Debug|Any CPU.Build.0 = Debug|Any CPU
		{7D86D924-7CE9-4801-8548-88AC1282BD8B}.Debug|ARM.ActiveCfg = Debug|Any CPU
		{7D86D924-7CE9-4801-8548-88AC1282BD8B}.Debug|iPhone.ActiveCfg = Debug|Any CPU
		{7D86D924-7CE9-4801-8548-88AC1282BD8B}.Debug|iPhoneSimulator.ActiveCfg = Debug|Any CPU
		{7D86D924-7CE9-4801-8548-88AC1282BD8B}.Debug|iPhoneSimulator.Build.0 = Debug|Any CPU
		{7D86D924-7CE9-4801-8548-88AC1282BD8B}.Debug|Mixed Platforms.ActiveCfg = Debug|Any CPU
		{7D86D924-7CE9-4801-8548-88AC1282BD8B}.Debug|Mixed Platforms.Build.0 = Debug|Any CPU
		{7D86D924-7CE9-4801-8548-88AC1282BD8B}.Debug|x64.ActiveCfg = Debug|Any CPU
		{7D86D924-7CE9-4801-8548-88AC1282BD8B}.Debug|x86.ActiveCfg = Debug|Any CPU
		{7D86D924-7CE9-4801-8548-88AC1282BD8B}.Release|Any CPU.ActiveCfg = Release|Any CPU
		{7D86D924-7CE9-4801-8548-88AC1282BD8B}.Release|Any CPU.Build.0 = Release|Any CPU
		{7D86D924-7CE9-4801-8548-88AC1282BD8B}.Release|ARM.ActiveCfg = Release|Any CPU
		{7D86D924-7CE9-4801-8548-88AC1282BD8B}.Release|iPhone.ActiveCfg = Release|Any CPU
		{7D86D924-7CE9-4801-8548-88AC1282BD8B}.Release|iPhoneSimulator.ActiveCfg = Release|Any CPU
		{7D86D924-7CE9-4801-8548-88AC1282BD8B}.Release|Mixed Platforms.ActiveCfg = Release|Any CPU
		{7D86D924-7CE9-4801-8548-88AC1282BD8B}.Release|Mixed Platforms.Build.0 = Release|Any CPU
		{7D86D924-7CE9-4801-8548-88AC1282BD8B}.Release|x64.ActiveCfg = Release|Any CPU
		{7D86D924-7CE9-4801-8548-88AC1282BD8B}.Release|x86.ActiveCfg = Release|Any CPU
		{2ECB146F-13FC-4A48-9DE3-BBBB63967F0A}.Ad-Hoc|Any CPU.ActiveCfg = Release|Any CPU
		{2ECB146F-13FC-4A48-9DE3-BBBB63967F0A}.Ad-Hoc|Any CPU.Build.0 = Release|Any CPU
		{2ECB146F-13FC-4A48-9DE3-BBBB63967F0A}.Ad-Hoc|ARM.ActiveCfg = Release|Any CPU
		{2ECB146F-13FC-4A48-9DE3-BBBB63967F0A}.Ad-Hoc|iPhone.ActiveCfg = Release|Any CPU
		{2ECB146F-13FC-4A48-9DE3-BBBB63967F0A}.Ad-Hoc|iPhoneSimulator.ActiveCfg = Release|Any CPU
		{2ECB146F-13FC-4A48-9DE3-BBBB63967F0A}.Ad-Hoc|Mixed Platforms.ActiveCfg = Release|Any CPU
		{2ECB146F-13FC-4A48-9DE3-BBBB63967F0A}.Ad-Hoc|Mixed Platforms.Build.0 = Release|Any CPU
		{2ECB146F-13FC-4A48-9DE3-BBBB63967F0A}.Ad-Hoc|x64.ActiveCfg = Release|Any CPU
		{2ECB146F-13FC-4A48-9DE3-BBBB63967F0A}.Ad-Hoc|x86.ActiveCfg = Release|Any CPU
		{2ECB146F-13FC-4A48-9DE3-BBBB63967F0A}.AppStore|Any CPU.ActiveCfg = Release|Any CPU
		{2ECB146F-13FC-4A48-9DE3-BBBB63967F0A}.AppStore|Any CPU.Build.0 = Release|Any CPU
		{2ECB146F-13FC-4A48-9DE3-BBBB63967F0A}.AppStore|ARM.ActiveCfg = Release|Any CPU
		{2ECB146F-13FC-4A48-9DE3-BBBB63967F0A}.AppStore|iPhone.ActiveCfg = Release|Any CPU
		{2ECB146F-13FC-4A48-9DE3-BBBB63967F0A}.AppStore|iPhoneSimulator.ActiveCfg = Release|Any CPU
		{2ECB146F-13FC-4A48-9DE3-BBBB63967F0A}.AppStore|Mixed Platforms.ActiveCfg = Release|Any CPU
		{2ECB146F-13FC-4A48-9DE3-BBBB63967F0A}.AppStore|Mixed Platforms.Build.0 = Release|Any CPU
		{2ECB146F-13FC-4A48-9DE3-BBBB63967F0A}.AppStore|x64.ActiveCfg = Release|Any CPU
		{2ECB146F-13FC-4A48-9DE3-BBBB63967F0A}.AppStore|x86.ActiveCfg = Release|Any CPU
		{2ECB146F-13FC-4A48-9DE3-BBBB63967F0A}.Debug|Any CPU.ActiveCfg = Debug|Any CPU
		{2ECB146F-13FC-4A48-9DE3-BBBB63967F0A}.Debug|Any CPU.Build.0 = Debug|Any CPU
		{2ECB146F-13FC-4A48-9DE3-BBBB63967F0A}.Debug|ARM.ActiveCfg = Debug|Any CPU
		{2ECB146F-13FC-4A48-9DE3-BBBB63967F0A}.Debug|iPhone.ActiveCfg = Debug|Any CPU
		{2ECB146F-13FC-4A48-9DE3-BBBB63967F0A}.Debug|iPhoneSimulator.ActiveCfg = Debug|Any CPU
		{2ECB146F-13FC-4A48-9DE3-BBBB63967F0A}.Debug|Mixed Platforms.ActiveCfg = Debug|Any CPU
		{2ECB146F-13FC-4A48-9DE3-BBBB63967F0A}.Debug|Mixed Platforms.Build.0 = Debug|Any CPU
		{2ECB146F-13FC-4A48-9DE3-BBBB63967F0A}.Debug|x64.ActiveCfg = Debug|Any CPU
		{2ECB146F-13FC-4A48-9DE3-BBBB63967F0A}.Debug|x86.ActiveCfg = Debug|Any CPU
		{2ECB146F-13FC-4A48-9DE3-BBBB63967F0A}.Release|Any CPU.ActiveCfg = Release|Any CPU
		{2ECB146F-13FC-4A48-9DE3-BBBB63967F0A}.Release|Any CPU.Build.0 = Release|Any CPU
		{2ECB146F-13FC-4A48-9DE3-BBBB63967F0A}.Release|ARM.ActiveCfg = Release|Any CPU
		{2ECB146F-13FC-4A48-9DE3-BBBB63967F0A}.Release|iPhone.ActiveCfg = Release|Any CPU
		{2ECB146F-13FC-4A48-9DE3-BBBB63967F0A}.Release|iPhoneSimulator.ActiveCfg = Release|Any CPU
		{2ECB146F-13FC-4A48-9DE3-BBBB63967F0A}.Release|Mixed Platforms.ActiveCfg = Release|Any CPU
		{2ECB146F-13FC-4A48-9DE3-BBBB63967F0A}.Release|Mixed Platforms.Build.0 = Release|Any CPU
		{2ECB146F-13FC-4A48-9DE3-BBBB63967F0A}.Release|x64.ActiveCfg = Release|Any CPU
		{2ECB146F-13FC-4A48-9DE3-BBBB63967F0A}.Release|x86.ActiveCfg = Release|Any CPU
	EndGlobalSection
	GlobalSection(SolutionProperties) = preSolution
		HideSolutionNode = FALSE
	EndGlobalSection
	GlobalSection(NestedProjects) = preSolution
		{F4D5A72F-59AE-431B-A93D-76AC0804E02F} = {345ADB7A-4520-4DBE-B7E9-C9182C335D82}
		{14ED651B-34BD-45C6-9EC6-3331BE053B9B} = {345ADB7A-4520-4DBE-B7E9-C9182C335D82}
		{8A6433D4-F559-494B-8561-C0AA12955A6E} = {345ADB7A-4520-4DBE-B7E9-C9182C335D82}
		{151D57E4-07CE-4E28-82E2-398F688A509E} = {345ADB7A-4520-4DBE-B7E9-C9182C335D82}
		{784F56DE-203F-4E61-BA07-CA678160E04F} = {345ADB7A-4520-4DBE-B7E9-C9182C335D82}
		{38836348-1389-4F05-BB60-359BF1F18AAC} = {345ADB7A-4520-4DBE-B7E9-C9182C335D82}
		{F6F779C8-897E-4C46-B41D-281CAFA5911B} = {38836348-1389-4F05-BB60-359BF1F18AAC}
		{E8D04781-4DF7-45AD-BE10-3408C44FA111} = {38836348-1389-4F05-BB60-359BF1F18AAC}
		{7D86D924-7CE9-4801-8548-88AC1282BD8B} = {38836348-1389-4F05-BB60-359BF1F18AAC}
	EndGlobalSection
	GlobalSection(MonoDevelopProperties) = preSolution
		StartupItem = Facts.Droid\Facts.Droid.csproj
	EndGlobalSection
EndGlobal
